// !$*UTF8*$!
{
	archiveVersion = 1;
	classes = {
	};
	objectVersion = 46;
	objects = {

/* Begin PBXBuildFile section */
		980314391DA3B6D5005603E8 /* DecryptedSubmission.swift in Sources */ = {isa = PBXBuildFile; fileRef = 980314381DA3B6D5005603E8 /* DecryptedSubmission.swift */; };
		9803143B1DA3B6DB005603E8 /* InitialSubmission.swift in Sources */ = {isa = PBXBuildFile; fileRef = 98A72DFB1DA3A34700853CDD /* InitialSubmission.swift */; };
		9803143C1DA3B6DB005603E8 /* SubmittedSubmission.swift in Sources */ = {isa = PBXBuildFile; fileRef = 98A72E021DA3A8AD00853CDD /* SubmittedSubmission.swift */; };
		9803143D1DA3B6DB005603E8 /* EncryptedSubmission.swift in Sources */ = {isa = PBXBuildFile; fileRef = 98A72E051DA3A8BB00853CDD /* EncryptedSubmission.swift */; };
		9803143E1DA3B6DB005603E8 /* DeletedSubmission.swift in Sources */ = {isa = PBXBuildFile; fileRef = 98A72E081DA3AACD00853CDD /* DeletedSubmission.swift */; };
		9803143F1DA3B6DB005603E8 /* DecryptedSubmission.swift in Sources */ = {isa = PBXBuildFile; fileRef = 980314381DA3B6D5005603E8 /* DecryptedSubmission.swift */; };
		985FC26D1D9E5B2700958E97 /* ReactNativeNettskjema.h in Headers */ = {isa = PBXBuildFile; fileRef = 985FC26C1D9E5B2700958E97 /* ReactNativeNettskjema.h */; settings = {ATTRIBUTES = (Public, ); }; };
		985FC26F1D9E5CFE00958E97 /* NettskjemaSubmissionTest.swift in Sources */ = {isa = PBXBuildFile; fileRef = 985FC26E1D9E5CFE00958E97 /* NettskjemaSubmissionTest.swift */; };
		985FC2731D9E5F3100958E97 /* NettskjemaFormSubmissionFactory.swift in Sources */ = {isa = PBXBuildFile; fileRef = 985FC2721D9E5F3100958E97 /* NettskjemaFormSubmissionFactory.swift */; };
		985FC2741D9E5F3100958E97 /* NettskjemaFormSubmissionFactory.swift in Sources */ = {isa = PBXBuildFile; fileRef = 985FC2721D9E5F3100958E97 /* NettskjemaFormSubmissionFactory.swift */; };
		985FC2761D9E601A00958E97 /* protocols.swift in Sources */ = {isa = PBXBuildFile; fileRef = 985FC2751D9E601A00958E97 /* protocols.swift */; };
		985FC2771D9E601A00958E97 /* protocols.swift in Sources */ = {isa = PBXBuildFile; fileRef = 985FC2751D9E601A00958E97 /* protocols.swift */; };
		985FC27A1D9E60A100958E97 /* TestFile.swift in Sources */ = {isa = PBXBuildFile; fileRef = 985FC2791D9E60A100958E97 /* TestFile.swift */; };
		985FC27B1D9E60A100958E97 /* TestFile.swift in Sources */ = {isa = PBXBuildFile; fileRef = 985FC2791D9E60A100958E97 /* TestFile.swift */; };
		985FC27E1D9E636000958E97 /* TestForm.swift in Sources */ = {isa = PBXBuildFile; fileRef = 985FC27D1D9E636000958E97 /* TestForm.swift */; };
		985FC27F1D9E636000958E97 /* TestForm.swift in Sources */ = {isa = PBXBuildFile; fileRef = 985FC27D1D9E636000958E97 /* TestForm.swift */; };
		985FC2821D9E641100958E97 /* MultipleChoiceQuestion.swift in Sources */ = {isa = PBXBuildFile; fileRef = 985FC2811D9E641100958E97 /* MultipleChoiceQuestion.swift */; };
		985FC2831D9E641100958E97 /* MultipleChoiceQuestion.swift in Sources */ = {isa = PBXBuildFile; fileRef = 985FC2811D9E641100958E97 /* MultipleChoiceQuestion.swift */; };
		985FC2851D9E668400958E97 /* NettskjemaForm.swift in Sources */ = {isa = PBXBuildFile; fileRef = 985FC2841D9E668400958E97 /* NettskjemaForm.swift */; };
		985FC2861D9E668400958E97 /* NettskjemaForm.swift in Sources */ = {isa = PBXBuildFile; fileRef = 985FC2841D9E668400958E97 /* NettskjemaForm.swift */; };
		985FC2891D9E6E9600958E97 /* TextQuestionAnswer.swift in Sources */ = {isa = PBXBuildFile; fileRef = 985FC2881D9E6E9600958E97 /* TextQuestionAnswer.swift */; };
		985FC28A1D9E6E9600958E97 /* TextQuestionAnswer.swift in Sources */ = {isa = PBXBuildFile; fileRef = 985FC2881D9E6E9600958E97 /* TextQuestionAnswer.swift */; };
		985FC28C1D9E6EF400958E97 /* TextQuestion.swift in Sources */ = {isa = PBXBuildFile; fileRef = 985FC28B1D9E6EF400958E97 /* TextQuestion.swift */; };
		985FC28D1D9E6EF400958E97 /* TextQuestion.swift in Sources */ = {isa = PBXBuildFile; fileRef = 985FC28B1D9E6EF400958E97 /* TextQuestion.swift */; };
		985FC28F1D9E6F7C00958E97 /* NettskjemaFieldIdentifier.swift in Sources */ = {isa = PBXBuildFile; fileRef = 985FC28E1D9E6F7C00958E97 /* NettskjemaFieldIdentifier.swift */; };
		985FC2901D9E6F7C00958E97 /* NettskjemaFieldIdentifier.swift in Sources */ = {isa = PBXBuildFile; fileRef = 985FC28E1D9E6F7C00958E97 /* NettskjemaFieldIdentifier.swift */; };
		985FC2921D9E701000958E97 /* SelectedMultiOption.swift in Sources */ = {isa = PBXBuildFile; fileRef = 985FC2911D9E701000958E97 /* SelectedMultiOption.swift */; };
		985FC2931D9E701000958E97 /* SelectedMultiOption.swift in Sources */ = {isa = PBXBuildFile; fileRef = 985FC2911D9E701000958E97 /* SelectedMultiOption.swift */; };
		985FC2951D9E70AF00958E97 /* RadioQuestion.swift in Sources */ = {isa = PBXBuildFile; fileRef = 985FC2941D9E70AF00958E97 /* RadioQuestion.swift */; };
		985FC2961D9E70AF00958E97 /* RadioQuestion.swift in Sources */ = {isa = PBXBuildFile; fileRef = 985FC2941D9E70AF00958E97 /* RadioQuestion.swift */; };
		985FC2981D9E71CA00958E97 /* UploadQuestion.swift in Sources */ = {isa = PBXBuildFile; fileRef = 985FC2971D9E71CA00958E97 /* UploadQuestion.swift */; };
		985FC2991D9E71CA00958E97 /* UploadQuestion.swift in Sources */ = {isa = PBXBuildFile; fileRef = 985FC2971D9E71CA00958E97 /* UploadQuestion.swift */; };
		985FC29B1D9E723800958E97 /* FileUploadForField.swift in Sources */ = {isa = PBXBuildFile; fileRef = 985FC29A1D9E723800958E97 /* FileUploadForField.swift */; };
		985FC29C1D9E723800958E97 /* FileUploadForField.swift in Sources */ = {isa = PBXBuildFile; fileRef = 985FC29A1D9E723800958E97 /* FileUploadForField.swift */; };
		985FC29E1D9E732900958E97 /* NettskjemaFormSubmission.swift in Sources */ = {isa = PBXBuildFile; fileRef = 985FC29D1D9E732900958E97 /* NettskjemaFormSubmission.swift */; };
		985FC29F1D9E732900958E97 /* NettskjemaFormSubmission.swift in Sources */ = {isa = PBXBuildFile; fileRef = 985FC29D1D9E732900958E97 /* NettskjemaFormSubmission.swift */; };
		985FC2A11D9E75DC00958E97 /* NettskjemaCsrfRequestFactory.swift in Sources */ = {isa = PBXBuildFile; fileRef = 985FC2A01D9E75DC00958E97 /* NettskjemaCsrfRequestFactory.swift */; };
		985FC2A21D9E75DC00958E97 /* NettskjemaCsrfRequestFactory.swift in Sources */ = {isa = PBXBuildFile; fileRef = 985FC2A01D9E75DC00958E97 /* NettskjemaCsrfRequestFactory.swift */; };
		985FC2A41D9E764900958E97 /* NettskjemaCsrfTokenFactory.swift in Sources */ = {isa = PBXBuildFile; fileRef = 985FC2A31D9E764900958E97 /* NettskjemaCsrfTokenFactory.swift */; };
		985FC2A51D9E764900958E97 /* NettskjemaCsrfTokenFactory.swift in Sources */ = {isa = PBXBuildFile; fileRef = 985FC2A31D9E764900958E97 /* NettskjemaCsrfTokenFactory.swift */; };
		985FC2A71D9E771800958E97 /* NettskjemaFilledInForm.swift in Sources */ = {isa = PBXBuildFile; fileRef = 985FC2A61D9E771800958E97 /* NettskjemaFilledInForm.swift */; };
		985FC2A81D9E771800958E97 /* NettskjemaFilledInForm.swift in Sources */ = {isa = PBXBuildFile; fileRef = 985FC2A61D9E771800958E97 /* NettskjemaFilledInForm.swift */; };
		988467BD1DA50EFC00E2D1CB /* Queue.swift in Sources */ = {isa = PBXBuildFile; fileRef = 988467BC1DA50EFC00E2D1CB /* Queue.swift */; };
		988467BE1DA50EFF00E2D1CB /* Queue.swift in Sources */ = {isa = PBXBuildFile; fileRef = 988467BC1DA50EFC00E2D1CB /* Queue.swift */; };
		988467C11DA52F6500E2D1CB /* TemporaryFile.swift in Sources */ = {isa = PBXBuildFile; fileRef = 988467C01DA52F6500E2D1CB /* TemporaryFile.swift */; };
		988467C21DA52F6500E2D1CB /* TemporaryFile.swift in Sources */ = {isa = PBXBuildFile; fileRef = 988467C01DA52F6500E2D1CB /* TemporaryFile.swift */; };
		988467C41DA531FF00E2D1CB /* AlwaysSubmit.swift in Sources */ = {isa = PBXBuildFile; fileRef = 988467C31DA531FF00E2D1CB /* AlwaysSubmit.swift */; };
		988467C51DA531FF00E2D1CB /* AlwaysSubmit.swift in Sources */ = {isa = PBXBuildFile; fileRef = 988467C31DA531FF00E2D1CB /* AlwaysSubmit.swift */; };
		988467C71DA5328200E2D1CB /* SubmissionStateFromFile.swift in Sources */ = {isa = PBXBuildFile; fileRef = 988467C61DA5328200E2D1CB /* SubmissionStateFromFile.swift */; };
		988467C81DA5328200E2D1CB /* SubmissionStateFromFile.swift in Sources */ = {isa = PBXBuildFile; fileRef = 988467C61DA5328200E2D1CB /* SubmissionStateFromFile.swift */; };
		988467CA1DA533C200E2D1CB /* NotASubmission.swift in Sources */ = {isa = PBXBuildFile; fileRef = 988467C91DA533C200E2D1CB /* NotASubmission.swift */; };
		988467CB1DA533C200E2D1CB /* NotASubmission.swift in Sources */ = {isa = PBXBuildFile; fileRef = 988467C91DA533C200E2D1CB /* NotASubmission.swift */; };
		988467CD1DA5372E00E2D1CB /* AutoSubmissionSetting.swift in Sources */ = {isa = PBXBuildFile; fileRef = 988467CC1DA5372E00E2D1CB /* AutoSubmissionSetting.swift */; };
		988467CE1DA5372E00E2D1CB /* AutoSubmissionSetting.swift in Sources */ = {isa = PBXBuildFile; fileRef = 988467CC1DA5372E00E2D1CB /* AutoSubmissionSetting.swift */; };
		988467D51DA6380F00E2D1CB /* DecryptionPipe.swift in Sources */ = {isa = PBXBuildFile; fileRef = 988467D41DA6380F00E2D1CB /* DecryptionPipe.swift */; };
		988467D61DA6380F00E2D1CB /* DecryptionPipe.swift in Sources */ = {isa = PBXBuildFile; fileRef = 988467D41DA6380F00E2D1CB /* DecryptionPipe.swift */; };
		988467D81DA63D9C00E2D1CB /* EncryptionMethod.swift in Sources */ = {isa = PBXBuildFile; fileRef = 988467D71DA63D9C00E2D1CB /* EncryptionMethod.swift */; };
		988467D91DA63D9C00E2D1CB /* EncryptionMethod.swift in Sources */ = {isa = PBXBuildFile; fileRef = 988467D71DA63D9C00E2D1CB /* EncryptionMethod.swift */; };
		988467DB1DA63F3A00E2D1CB /* InplaceFileTransformation.swift in Sources */ = {isa = PBXBuildFile; fileRef = 988467DA1DA63F3A00E2D1CB /* InplaceFileTransformation.swift */; };
		988467DC1DA63F3A00E2D1CB /* InplaceFileTransformation.swift in Sources */ = {isa = PBXBuildFile; fileRef = 988467DA1DA63F3A00E2D1CB /* InplaceFileTransformation.swift */; };
		988467DE1DA6402400E2D1CB /* EncryptionPipe.swift in Sources */ = {isa = PBXBuildFile; fileRef = 988467DD1DA6402400E2D1CB /* EncryptionPipe.swift */; };
		988467DF1DA6402400E2D1CB /* EncryptionPipe.swift in Sources */ = {isa = PBXBuildFile; fileRef = 988467DD1DA6402400E2D1CB /* EncryptionPipe.swift */; };
		988467E11DA6407A00E2D1CB /* EncryptionTest.swift in Sources */ = {isa = PBXBuildFile; fileRef = 988467E01DA6407A00E2D1CB /* EncryptionTest.swift */; };
		988467E31DA6557900E2D1CB /* Base64IvAndCiphertext.swift in Sources */ = {isa = PBXBuildFile; fileRef = 988467E21DA6557900E2D1CB /* Base64IvAndCiphertext.swift */; };
		988467E41DA6557900E2D1CB /* Base64IvAndCiphertext.swift in Sources */ = {isa = PBXBuildFile; fileRef = 988467E21DA6557900E2D1CB /* Base64IvAndCiphertext.swift */; };
		988467E81DA670E700E2D1CB /* EncryptionKey.swift in Sources */ = {isa = PBXBuildFile; fileRef = 988467E71DA670E700E2D1CB /* EncryptionKey.swift */; };
		988467E91DA670E700E2D1CB /* EncryptionKey.swift in Sources */ = {isa = PBXBuildFile; fileRef = 988467E71DA670E700E2D1CB /* EncryptionKey.swift */; };
		988467F11DA67C3500E2D1CB /* AppDelegate.swift in Sources */ = {isa = PBXBuildFile; fileRef = 988467F01DA67C3500E2D1CB /* AppDelegate.swift */; };
		988467F31DA67C3500E2D1CB /* ViewController.swift in Sources */ = {isa = PBXBuildFile; fileRef = 988467F21DA67C3500E2D1CB /* ViewController.swift */; };
		988467F61DA67C3500E2D1CB /* Main.storyboard in Resources */ = {isa = PBXBuildFile; fileRef = 988467F41DA67C3500E2D1CB /* Main.storyboard */; };
		988467F81DA67C3500E2D1CB /* Assets.xcassets in Resources */ = {isa = PBXBuildFile; fileRef = 988467F71DA67C3500E2D1CB /* Assets.xcassets */; };
		988467FB1DA67C3500E2D1CB /* LaunchScreen.storyboard in Resources */ = {isa = PBXBuildFile; fileRef = 988467F91DA67C3500E2D1CB /* LaunchScreen.storyboard */; };
		988468031DA67CAD00E2D1CB /* Alamofire.framework in Frameworks */ = {isa = PBXBuildFile; fileRef = 988467B91DA4F7A500E2D1CB /* Alamofire.framework */; };
		988468041DA67CAD00E2D1CB /* CryptoSwift.framework in Frameworks */ = {isa = PBXBuildFile; fileRef = 988467D11DA6377A00E2D1CB /* CryptoSwift.framework */; };
		988468051DA67CAD00E2D1CB /* KeychainSwift.framework in Frameworks */ = {isa = PBXBuildFile; fileRef = 988467E51DA6701900E2D1CB /* KeychainSwift.framework */; };
		988468061DA67CAD00E2D1CB /* Reachability.framework in Frameworks */ = {isa = PBXBuildFile; fileRef = 988467CF1DA53B5900E2D1CB /* Reachability.framework */; };
		98A72DD51DA23BFC00853CDD /* CsrfRequestTest.swift in Sources */ = {isa = PBXBuildFile; fileRef = 98A72DD41DA23BFC00853CDD /* CsrfRequestTest.swift */; };
		98A72DD71DA25D7B00853CDD /* SerializationTest.swift in Sources */ = {isa = PBXBuildFile; fileRef = 98A72DD61DA25D7B00853CDD /* SerializationTest.swift */; };
		98A72DD91DA26F9F00853CDD /* NettskjemaJsonField.swift in Sources */ = {isa = PBXBuildFile; fileRef = 98A72DD81DA26F9F00853CDD /* NettskjemaJsonField.swift */; };
		98A72DDA1DA278A500853CDD /* NettskjemaJsonField.swift in Sources */ = {isa = PBXBuildFile; fileRef = 98A72DD81DA26F9F00853CDD /* NettskjemaJsonField.swift */; };
		98A72DDC1DA2805600853CDD /* StorageDirectory.swift in Sources */ = {isa = PBXBuildFile; fileRef = 98A72DDB1DA2805600853CDD /* StorageDirectory.swift */; };
		98A72DDD1DA2805600853CDD /* StorageDirectory.swift in Sources */ = {isa = PBXBuildFile; fileRef = 98A72DDB1DA2805600853CDD /* StorageDirectory.swift */; };
		98A72DDF1DA2913B00853CDD /* NettskjemaJsonFields.swift in Sources */ = {isa = PBXBuildFile; fileRef = 98A72DDE1DA2913B00853CDD /* NettskjemaJsonFields.swift */; };
		98A72DE01DA2913B00853CDD /* NettskjemaJsonFields.swift in Sources */ = {isa = PBXBuildFile; fileRef = 98A72DDE1DA2913B00853CDD /* NettskjemaJsonFields.swift */; };
		98A72DE31DA38D2300853CDD /* MobileNettskjemaTest.swift in Sources */ = {isa = PBXBuildFile; fileRef = 98A72DE11DA38D2300853CDD /* MobileNettskjemaTest.swift */; };
		98A72DEA1DA39CEC00853CDD /* events.swift in Sources */ = {isa = PBXBuildFile; fileRef = 98A72DE91DA39CEC00853CDD /* events.swift */; };
		98A72DEB1DA39CEC00853CDD /* events.swift in Sources */ = {isa = PBXBuildFile; fileRef = 98A72DE91DA39CEC00853CDD /* events.swift */; };
		98A72DED1DA39DEC00853CDD /* MobileNettskjema.swift in Sources */ = {isa = PBXBuildFile; fileRef = 98A72DEC1DA39DEC00853CDD /* MobileNettskjema.swift */; };
		98A72DEE1DA39DEC00853CDD /* MobileNettskjema.swift in Sources */ = {isa = PBXBuildFile; fileRef = 98A72DEC1DA39DEC00853CDD /* MobileNettskjema.swift */; };
		98A72DF11DA3A0E000853CDD /* NettskjemaQueueableFormSubmission.swift in Sources */ = {isa = PBXBuildFile; fileRef = 98A72DF01DA3A0E000853CDD /* NettskjemaQueueableFormSubmission.swift */; };
		98A72DF21DA3A0E000853CDD /* NettskjemaQueueableFormSubmission.swift in Sources */ = {isa = PBXBuildFile; fileRef = 98A72DF01DA3A0E000853CDD /* NettskjemaQueueableFormSubmission.swift */; };
		98A72DF51DA3A1B900853CDD /* JsonFile.swift in Sources */ = {isa = PBXBuildFile; fileRef = 98A72DF41DA3A1B900853CDD /* JsonFile.swift */; };
		98A72DF61DA3A1B900853CDD /* JsonFile.swift in Sources */ = {isa = PBXBuildFile; fileRef = 98A72DF41DA3A1B900853CDD /* JsonFile.swift */; };
		98A72DF81DA3A2D400853CDD /* SubmissionFile.swift in Sources */ = {isa = PBXBuildFile; fileRef = 98A72DF71DA3A2D400853CDD /* SubmissionFile.swift */; };
		98A72DF91DA3A2D400853CDD /* SubmissionFile.swift in Sources */ = {isa = PBXBuildFile; fileRef = 98A72DF71DA3A2D400853CDD /* SubmissionFile.swift */; };
		98A72DFC1DA3A34700853CDD /* InitialSubmission.swift in Sources */ = {isa = PBXBuildFile; fileRef = 98A72DFB1DA3A34700853CDD /* InitialSubmission.swift */; };
		98A72E001DA3A82300853CDD /* SubmitIfConnectionIsSatisfactory.swift in Sources */ = {isa = PBXBuildFile; fileRef = 98A72DFF1DA3A82300853CDD /* SubmitIfConnectionIsSatisfactory.swift */; };
		98A72E011DA3A82300853CDD /* SubmitIfConnectionIsSatisfactory.swift in Sources */ = {isa = PBXBuildFile; fileRef = 98A72DFF1DA3A82300853CDD /* SubmitIfConnectionIsSatisfactory.swift */; };
		98A72E031DA3A8AD00853CDD /* SubmittedSubmission.swift in Sources */ = {isa = PBXBuildFile; fileRef = 98A72E021DA3A8AD00853CDD /* SubmittedSubmission.swift */; };
		98A72E061DA3A8BB00853CDD /* EncryptedSubmission.swift in Sources */ = {isa = PBXBuildFile; fileRef = 98A72E051DA3A8BB00853CDD /* EncryptedSubmission.swift */; };
		98A72E091DA3AACD00853CDD /* DeletedSubmission.swift in Sources */ = {isa = PBXBuildFile; fileRef = 98A72E081DA3AACD00853CDD /* DeletedSubmission.swift */; };
		98FC2DB01DA6831B002E1C87 /* encoding.swift in Sources */ = {isa = PBXBuildFile; fileRef = 98FC2DAF1DA6831B002E1C87 /* encoding.swift */; };
		98FC2DB11DA6831B002E1C87 /* encoding.swift in Sources */ = {isa = PBXBuildFile; fileRef = 98FC2DAF1DA6831B002E1C87 /* encoding.swift */; };
/* End PBXBuildFile section */

/* Begin PBXContainerItemProxy section */
		988468011DA67C5300E2D1CB /* PBXContainerItemProxy */ = {
			isa = PBXContainerItemProxy;
			containerPortal = 98E240191D9E52B5000EDED2 /* Project object */;
			proxyType = 1;
			remoteGlobalIDString = 988467ED1DA67C3500E2D1CB;
			remoteInfo = dummytestingapp;
		};
		98E2402D1D9E52B5000EDED2 /* PBXContainerItemProxy */ = {
			isa = PBXContainerItemProxy;
			containerPortal = 98E240191D9E52B5000EDED2 /* Project object */;
			proxyType = 1;
			remoteGlobalIDString = 98E240211D9E52B5000EDED2;
			remoteInfo = ReactNativeNettskjema;
		};
/* End PBXContainerItemProxy section */

/* Begin PBXFileReference section */
		980314381DA3B6D5005603E8 /* DecryptedSubmission.swift */ = {isa = PBXFileReference; fileEncoding = 4; lastKnownFileType = sourcecode.swift; path = DecryptedSubmission.swift; sourceTree = "<group>"; };
		985FC26C1D9E5B2700958E97 /* ReactNativeNettskjema.h */ = {isa = PBXFileReference; fileEncoding = 4; lastKnownFileType = sourcecode.c.h; path = ReactNativeNettskjema.h; sourceTree = "<group>"; };
		985FC26E1D9E5CFE00958E97 /* NettskjemaSubmissionTest.swift */ = {isa = PBXFileReference; fileEncoding = 4; lastKnownFileType = sourcecode.swift; path = NettskjemaSubmissionTest.swift; sourceTree = "<group>"; };
		985FC2721D9E5F3100958E97 /* NettskjemaFormSubmissionFactory.swift */ = {isa = PBXFileReference; fileEncoding = 4; lastKnownFileType = sourcecode.swift; path = NettskjemaFormSubmissionFactory.swift; sourceTree = "<group>"; };
		985FC2751D9E601A00958E97 /* protocols.swift */ = {isa = PBXFileReference; fileEncoding = 4; lastKnownFileType = sourcecode.swift; path = protocols.swift; sourceTree = "<group>"; };
		985FC2791D9E60A100958E97 /* TestFile.swift */ = {isa = PBXFileReference; fileEncoding = 4; lastKnownFileType = sourcecode.swift; path = TestFile.swift; sourceTree = "<group>"; };
		985FC27D1D9E636000958E97 /* TestForm.swift */ = {isa = PBXFileReference; fileEncoding = 4; lastKnownFileType = sourcecode.swift; path = TestForm.swift; sourceTree = "<group>"; };
		985FC2811D9E641100958E97 /* MultipleChoiceQuestion.swift */ = {isa = PBXFileReference; fileEncoding = 4; lastKnownFileType = sourcecode.swift; path = MultipleChoiceQuestion.swift; sourceTree = "<group>"; };
		985FC2841D9E668400958E97 /* NettskjemaForm.swift */ = {isa = PBXFileReference; fileEncoding = 4; lastKnownFileType = sourcecode.swift; path = NettskjemaForm.swift; sourceTree = "<group>"; };
		985FC2881D9E6E9600958E97 /* TextQuestionAnswer.swift */ = {isa = PBXFileReference; fileEncoding = 4; lastKnownFileType = sourcecode.swift; path = TextQuestionAnswer.swift; sourceTree = "<group>"; };
		985FC28B1D9E6EF400958E97 /* TextQuestion.swift */ = {isa = PBXFileReference; fileEncoding = 4; lastKnownFileType = sourcecode.swift; path = TextQuestion.swift; sourceTree = "<group>"; };
		985FC28E1D9E6F7C00958E97 /* NettskjemaFieldIdentifier.swift */ = {isa = PBXFileReference; fileEncoding = 4; lastKnownFileType = sourcecode.swift; path = NettskjemaFieldIdentifier.swift; sourceTree = "<group>"; };
		985FC2911D9E701000958E97 /* SelectedMultiOption.swift */ = {isa = PBXFileReference; fileEncoding = 4; lastKnownFileType = sourcecode.swift; path = SelectedMultiOption.swift; sourceTree = "<group>"; };
		985FC2941D9E70AF00958E97 /* RadioQuestion.swift */ = {isa = PBXFileReference; fileEncoding = 4; lastKnownFileType = sourcecode.swift; path = RadioQuestion.swift; sourceTree = "<group>"; };
		985FC2971D9E71CA00958E97 /* UploadQuestion.swift */ = {isa = PBXFileReference; fileEncoding = 4; lastKnownFileType = sourcecode.swift; path = UploadQuestion.swift; sourceTree = "<group>"; };
		985FC29A1D9E723800958E97 /* FileUploadForField.swift */ = {isa = PBXFileReference; fileEncoding = 4; lastKnownFileType = sourcecode.swift; path = FileUploadForField.swift; sourceTree = "<group>"; };
		985FC29D1D9E732900958E97 /* NettskjemaFormSubmission.swift */ = {isa = PBXFileReference; fileEncoding = 4; lastKnownFileType = sourcecode.swift; path = NettskjemaFormSubmission.swift; sourceTree = "<group>"; };
		985FC2A01D9E75DC00958E97 /* NettskjemaCsrfRequestFactory.swift */ = {isa = PBXFileReference; fileEncoding = 4; lastKnownFileType = sourcecode.swift; path = NettskjemaCsrfRequestFactory.swift; sourceTree = "<group>"; };
		985FC2A31D9E764900958E97 /* NettskjemaCsrfTokenFactory.swift */ = {isa = PBXFileReference; fileEncoding = 4; lastKnownFileType = sourcecode.swift; path = NettskjemaCsrfTokenFactory.swift; sourceTree = "<group>"; };
		985FC2A61D9E771800958E97 /* NettskjemaFilledInForm.swift */ = {isa = PBXFileReference; fileEncoding = 4; lastKnownFileType = sourcecode.swift; path = NettskjemaFilledInForm.swift; sourceTree = "<group>"; };
		988467B91DA4F7A500E2D1CB /* Alamofire.framework */ = {isa = PBXFileReference; lastKnownFileType = wrapper.framework; name = Alamofire.framework; path = Carthage/Build/iOS/Alamofire.framework; sourceTree = "<group>"; };
		988467BC1DA50EFC00E2D1CB /* Queue.swift */ = {isa = PBXFileReference; fileEncoding = 4; lastKnownFileType = sourcecode.swift; path = Queue.swift; sourceTree = "<group>"; };
		988467C01DA52F6500E2D1CB /* TemporaryFile.swift */ = {isa = PBXFileReference; fileEncoding = 4; lastKnownFileType = sourcecode.swift; path = TemporaryFile.swift; sourceTree = "<group>"; };
		988467C31DA531FF00E2D1CB /* AlwaysSubmit.swift */ = {isa = PBXFileReference; fileEncoding = 4; lastKnownFileType = sourcecode.swift; path = AlwaysSubmit.swift; sourceTree = "<group>"; };
		988467C61DA5328200E2D1CB /* SubmissionStateFromFile.swift */ = {isa = PBXFileReference; fileEncoding = 4; lastKnownFileType = sourcecode.swift; path = SubmissionStateFromFile.swift; sourceTree = "<group>"; };
		988467C91DA533C200E2D1CB /* NotASubmission.swift */ = {isa = PBXFileReference; fileEncoding = 4; lastKnownFileType = sourcecode.swift; path = NotASubmission.swift; sourceTree = "<group>"; };
		988467CC1DA5372E00E2D1CB /* AutoSubmissionSetting.swift */ = {isa = PBXFileReference; fileEncoding = 4; lastKnownFileType = sourcecode.swift; path = AutoSubmissionSetting.swift; sourceTree = "<group>"; };
		988467CF1DA53B5900E2D1CB /* Reachability.framework */ = {isa = PBXFileReference; lastKnownFileType = wrapper.framework; name = Reachability.framework; path = Carthage/Build/iOS/Reachability.framework; sourceTree = "<group>"; };
		988467D11DA6377A00E2D1CB /* CryptoSwift.framework */ = {isa = PBXFileReference; lastKnownFileType = wrapper.framework; name = CryptoSwift.framework; path = Carthage/Build/iOS/CryptoSwift.framework; sourceTree = "<group>"; };
		988467D41DA6380F00E2D1CB /* DecryptionPipe.swift */ = {isa = PBXFileReference; fileEncoding = 4; lastKnownFileType = sourcecode.swift; path = DecryptionPipe.swift; sourceTree = "<group>"; };
		988467D71DA63D9C00E2D1CB /* EncryptionMethod.swift */ = {isa = PBXFileReference; fileEncoding = 4; lastKnownFileType = sourcecode.swift; path = EncryptionMethod.swift; sourceTree = "<group>"; };
		988467DA1DA63F3A00E2D1CB /* InplaceFileTransformation.swift */ = {isa = PBXFileReference; fileEncoding = 4; lastKnownFileType = sourcecode.swift; path = InplaceFileTransformation.swift; sourceTree = "<group>"; };
		988467DD1DA6402400E2D1CB /* EncryptionPipe.swift */ = {isa = PBXFileReference; fileEncoding = 4; lastKnownFileType = sourcecode.swift; path = EncryptionPipe.swift; sourceTree = "<group>"; };
		988467E01DA6407A00E2D1CB /* EncryptionTest.swift */ = {isa = PBXFileReference; fileEncoding = 4; lastKnownFileType = sourcecode.swift; path = EncryptionTest.swift; sourceTree = "<group>"; };
		988467E21DA6557900E2D1CB /* Base64IvAndCiphertext.swift */ = {isa = PBXFileReference; fileEncoding = 4; lastKnownFileType = sourcecode.swift; path = Base64IvAndCiphertext.swift; sourceTree = "<group>"; };
		988467E51DA6701900E2D1CB /* KeychainSwift.framework */ = {isa = PBXFileReference; lastKnownFileType = wrapper.framework; name = KeychainSwift.framework; path = Carthage/Build/iOS/KeychainSwift.framework; sourceTree = "<group>"; };
		988467E71DA670E700E2D1CB /* EncryptionKey.swift */ = {isa = PBXFileReference; fileEncoding = 4; lastKnownFileType = sourcecode.swift; path = EncryptionKey.swift; sourceTree = "<group>"; };
		988467EE1DA67C3500E2D1CB /* dummytestingapp.app */ = {isa = PBXFileReference; explicitFileType = wrapper.application; includeInIndex = 0; path = dummytestingapp.app; sourceTree = BUILT_PRODUCTS_DIR; };
		988467F01DA67C3500E2D1CB /* AppDelegate.swift */ = {isa = PBXFileReference; lastKnownFileType = sourcecode.swift; path = AppDelegate.swift; sourceTree = "<group>"; };
		988467F21DA67C3500E2D1CB /* ViewController.swift */ = {isa = PBXFileReference; lastKnownFileType = sourcecode.swift; path = ViewController.swift; sourceTree = "<group>"; };
		988467F51DA67C3500E2D1CB /* Base */ = {isa = PBXFileReference; lastKnownFileType = file.storyboard; name = Base; path = Base.lproj/Main.storyboard; sourceTree = "<group>"; };
		988467F71DA67C3500E2D1CB /* Assets.xcassets */ = {isa = PBXFileReference; lastKnownFileType = folder.assetcatalog; path = Assets.xcassets; sourceTree = "<group>"; };
		988467FA1DA67C3500E2D1CB /* Base */ = {isa = PBXFileReference; lastKnownFileType = file.storyboard; name = Base; path = Base.lproj/LaunchScreen.storyboard; sourceTree = "<group>"; };
		988467FC1DA67C3500E2D1CB /* Info.plist */ = {isa = PBXFileReference; lastKnownFileType = text.plist.xml; path = Info.plist; sourceTree = "<group>"; };
		988468001DA67C4200E2D1CB /* dummytestingapp.entitlements */ = {isa = PBXFileReference; lastKnownFileType = text.plist.entitlements; path = dummytestingapp.entitlements; sourceTree = "<group>"; };
		98A72DD41DA23BFC00853CDD /* CsrfRequestTest.swift */ = {isa = PBXFileReference; fileEncoding = 4; lastKnownFileType = sourcecode.swift; path = CsrfRequestTest.swift; sourceTree = "<group>"; };
		98A72DD61DA25D7B00853CDD /* SerializationTest.swift */ = {isa = PBXFileReference; fileEncoding = 4; lastKnownFileType = sourcecode.swift; path = SerializationTest.swift; sourceTree = "<group>"; };
		98A72DD81DA26F9F00853CDD /* NettskjemaJsonField.swift */ = {isa = PBXFileReference; fileEncoding = 4; lastKnownFileType = sourcecode.swift; path = NettskjemaJsonField.swift; sourceTree = "<group>"; };
		98A72DDB1DA2805600853CDD /* StorageDirectory.swift */ = {isa = PBXFileReference; fileEncoding = 4; lastKnownFileType = sourcecode.swift; path = StorageDirectory.swift; sourceTree = "<group>"; };
		98A72DDE1DA2913B00853CDD /* NettskjemaJsonFields.swift */ = {isa = PBXFileReference; fileEncoding = 4; lastKnownFileType = sourcecode.swift; path = NettskjemaJsonFields.swift; sourceTree = "<group>"; };
		98A72DE11DA38D2300853CDD /* MobileNettskjemaTest.swift */ = {isa = PBXFileReference; fileEncoding = 4; lastKnownFileType = sourcecode.swift; path = MobileNettskjemaTest.swift; sourceTree = "<group>"; };
		98A72DE91DA39CEC00853CDD /* events.swift */ = {isa = PBXFileReference; fileEncoding = 4; lastKnownFileType = sourcecode.swift; path = events.swift; sourceTree = "<group>"; };
		98A72DEC1DA39DEC00853CDD /* MobileNettskjema.swift */ = {isa = PBXFileReference; fileEncoding = 4; lastKnownFileType = sourcecode.swift; path = MobileNettskjema.swift; sourceTree = "<group>"; };
		98A72DF01DA3A0E000853CDD /* NettskjemaQueueableFormSubmission.swift */ = {isa = PBXFileReference; fileEncoding = 4; lastKnownFileType = sourcecode.swift; path = NettskjemaQueueableFormSubmission.swift; sourceTree = "<group>"; };
		98A72DF41DA3A1B900853CDD /* JsonFile.swift */ = {isa = PBXFileReference; fileEncoding = 4; lastKnownFileType = sourcecode.swift; path = JsonFile.swift; sourceTree = "<group>"; };
		98A72DF71DA3A2D400853CDD /* SubmissionFile.swift */ = {isa = PBXFileReference; fileEncoding = 4; lastKnownFileType = sourcecode.swift; path = SubmissionFile.swift; sourceTree = "<group>"; };
		98A72DFB1DA3A34700853CDD /* InitialSubmission.swift */ = {isa = PBXFileReference; fileEncoding = 4; lastKnownFileType = sourcecode.swift; path = InitialSubmission.swift; sourceTree = "<group>"; };
		98A72DFF1DA3A82300853CDD /* SubmitIfConnectionIsSatisfactory.swift */ = {isa = PBXFileReference; fileEncoding = 4; lastKnownFileType = sourcecode.swift; path = SubmitIfConnectionIsSatisfactory.swift; sourceTree = "<group>"; };
		98A72E021DA3A8AD00853CDD /* SubmittedSubmission.swift */ = {isa = PBXFileReference; fileEncoding = 4; lastKnownFileType = sourcecode.swift; path = SubmittedSubmission.swift; sourceTree = "<group>"; };
		98A72E051DA3A8BB00853CDD /* EncryptedSubmission.swift */ = {isa = PBXFileReference; fileEncoding = 4; lastKnownFileType = sourcecode.swift; path = EncryptedSubmission.swift; sourceTree = "<group>"; };
		98A72E081DA3AACD00853CDD /* DeletedSubmission.swift */ = {isa = PBXFileReference; fileEncoding = 4; lastKnownFileType = sourcecode.swift; path = DeletedSubmission.swift; sourceTree = "<group>"; };
		98E240221D9E52B5000EDED2 /* MobileNettskjema.framework */ = {isa = PBXFileReference; explicitFileType = wrapper.framework; includeInIndex = 0; path = MobileNettskjema.framework; sourceTree = BUILT_PRODUCTS_DIR; };
		98E240261D9E52B5000EDED2 /* Info.plist */ = {isa = PBXFileReference; lastKnownFileType = text.plist.xml; path = Info.plist; sourceTree = "<group>"; };
		98E2402B1D9E52B5000EDED2 /* MobileNettskjemaTests.xctest */ = {isa = PBXFileReference; explicitFileType = wrapper.cfbundle; includeInIndex = 0; path = MobileNettskjemaTests.xctest; sourceTree = BUILT_PRODUCTS_DIR; };
		98E240321D9E52B5000EDED2 /* Info.plist */ = {isa = PBXFileReference; lastKnownFileType = text.plist.xml; path = Info.plist; sourceTree = "<group>"; };
		98FC2DAF1DA6831B002E1C87 /* encoding.swift */ = {isa = PBXFileReference; fileEncoding = 4; lastKnownFileType = sourcecode.swift; path = encoding.swift; sourceTree = "<group>"; };
/* End PBXFileReference section */

/* Begin PBXFrameworksBuildPhase section */
		988467EB1DA67C3500E2D1CB /* Frameworks */ = {
			isa = PBXFrameworksBuildPhase;
			buildActionMask = 2147483647;
			files = (
				988468031DA67CAD00E2D1CB /* Alamofire.framework in Frameworks */,
				988468041DA67CAD00E2D1CB /* CryptoSwift.framework in Frameworks */,
				988468051DA67CAD00E2D1CB /* KeychainSwift.framework in Frameworks */,
				988468061DA67CAD00E2D1CB /* Reachability.framework in Frameworks */,
			);
			runOnlyForDeploymentPostprocessing = 0;
		};
		98E2401E1D9E52B5000EDED2 /* Frameworks */ = {
			isa = PBXFrameworksBuildPhase;
			buildActionMask = 2147483647;
			files = (
			);
			runOnlyForDeploymentPostprocessing = 0;
		};
		98E240281D9E52B5000EDED2 /* Frameworks */ = {
			isa = PBXFrameworksBuildPhase;
			buildActionMask = 2147483647;
			files = (
			);
			runOnlyForDeploymentPostprocessing = 0;
		};
/* End PBXFrameworksBuildPhase section */

/* Begin PBXGroup section */
		985FC2701D9E5ED600958E97 /* submission */ = {
			isa = PBXGroup;
			children = (
				985FC2871D9E6E7600958E97 /* answers */,
				985FC2801D9E63F400958E97 /* questions */,
				985FC2711D9E5EDD00958E97 /* nettskjema */,
			);
			name = submission;
			sourceTree = "<group>";
		};
		985FC2711D9E5EDD00958E97 /* nettskjema */ = {
			isa = PBXGroup;
			children = (
				985FC2721D9E5F3100958E97 /* NettskjemaFormSubmissionFactory.swift */,
				985FC2A01D9E75DC00958E97 /* NettskjemaCsrfRequestFactory.swift */,
				985FC2A31D9E764900958E97 /* NettskjemaCsrfTokenFactory.swift */,
				985FC2841D9E668400958E97 /* NettskjemaForm.swift */,
				985FC28E1D9E6F7C00958E97 /* NettskjemaFieldIdentifier.swift */,
				985FC29D1D9E732900958E97 /* NettskjemaFormSubmission.swift */,
				985FC2A61D9E771800958E97 /* NettskjemaFilledInForm.swift */,
			);
			name = nettskjema;
			sourceTree = "<group>";
		};
		985FC2781D9E608E00958E97 /* testdata */ = {
			isa = PBXGroup;
			children = (
				985FC2791D9E60A100958E97 /* TestFile.swift */,
				985FC27D1D9E636000958E97 /* TestForm.swift */,
			);
			name = testdata;
			sourceTree = "<group>";
		};
		985FC2801D9E63F400958E97 /* questions */ = {
			isa = PBXGroup;
			children = (
				985FC2811D9E641100958E97 /* MultipleChoiceQuestion.swift */,
				985FC28B1D9E6EF400958E97 /* TextQuestion.swift */,
				985FC2941D9E70AF00958E97 /* RadioQuestion.swift */,
				985FC2971D9E71CA00958E97 /* UploadQuestion.swift */,
			);
			name = questions;
			sourceTree = "<group>";
		};
		985FC2871D9E6E7600958E97 /* answers */ = {
			isa = PBXGroup;
			children = (
				985FC2881D9E6E9600958E97 /* TextQuestionAnswer.swift */,
				985FC2911D9E701000958E97 /* SelectedMultiOption.swift */,
				985FC29A1D9E723800958E97 /* FileUploadForField.swift */,
				98A72DD81DA26F9F00853CDD /* NettskjemaJsonField.swift */,
				98A72DDE1DA2913B00853CDD /* NettskjemaJsonFields.swift */,
			);
			name = answers;
			sourceTree = "<group>";
		};
		988467BF1DA52F5400E2D1CB /* filemanagement */ = {
			isa = PBXGroup;
			children = (
				98A72DDB1DA2805600853CDD /* StorageDirectory.swift */,
				988467C01DA52F6500E2D1CB /* TemporaryFile.swift */,
			);
			name = filemanagement;
			sourceTree = "<group>";
		};
		988467D31DA6380400E2D1CB /* encryption */ = {
			isa = PBXGroup;
			children = (
				988467D41DA6380F00E2D1CB /* DecryptionPipe.swift */,
				988467DD1DA6402400E2D1CB /* EncryptionPipe.swift */,
				988467D71DA63D9C00E2D1CB /* EncryptionMethod.swift */,
				988467DA1DA63F3A00E2D1CB /* InplaceFileTransformation.swift */,
				988467E21DA6557900E2D1CB /* Base64IvAndCiphertext.swift */,
				988467E71DA670E700E2D1CB /* EncryptionKey.swift */,
			);
			name = encryption;
			sourceTree = "<group>";
		};
		988467EF1DA67C3500E2D1CB /* dummytestingapp */ = {
			isa = PBXGroup;
			children = (
				988468001DA67C4200E2D1CB /* dummytestingapp.entitlements */,
				988467F01DA67C3500E2D1CB /* AppDelegate.swift */,
				988467F21DA67C3500E2D1CB /* ViewController.swift */,
				988467F41DA67C3500E2D1CB /* Main.storyboard */,
				988467F71DA67C3500E2D1CB /* Assets.xcassets */,
				988467F91DA67C3500E2D1CB /* LaunchScreen.storyboard */,
				988467FC1DA67C3500E2D1CB /* Info.plist */,
			);
			path = dummytestingapp;
			sourceTree = "<group>";
		};
		98A72DCC1D9EAA8F00853CDD /* Frameworks */ = {
			isa = PBXGroup;
			children = (
				988467E51DA6701900E2D1CB /* KeychainSwift.framework */,
				988467D11DA6377A00E2D1CB /* CryptoSwift.framework */,
				988467CF1DA53B5900E2D1CB /* Reachability.framework */,
				988467B91DA4F7A500E2D1CB /* Alamofire.framework */,
			);
			name = Frameworks;
			sourceTree = "<group>";
		};
		98A72DE81DA39CE300853CDD /* deferredsubmission */ = {
			isa = PBXGroup;
			children = (
				988467D31DA6380400E2D1CB /* encryption */,
				988467BF1DA52F5400E2D1CB /* filemanagement */,
				98A72DFE1DA3A80600853CDD /* submissiondecisions */,
				98A72DFA1DA3A33A00853CDD /* submissionstates */,
				98A72DF31DA3A1B000853CDD /* serialization */,
				98A72DEF1DA3A0D500853CDD /* queueing */,
				98A72DE91DA39CEC00853CDD /* events.swift */,
			);
			name = deferredsubmission;
			sourceTree = "<group>";
		};
		98A72DEF1DA3A0D500853CDD /* queueing */ = {
			isa = PBXGroup;
			children = (
				98A72DF01DA3A0E000853CDD /* NettskjemaQueueableFormSubmission.swift */,
				988467BC1DA50EFC00E2D1CB /* Queue.swift */,
				988467CC1DA5372E00E2D1CB /* AutoSubmissionSetting.swift */,
			);
			name = queueing;
			sourceTree = "<group>";
		};
		98A72DF31DA3A1B000853CDD /* serialization */ = {
			isa = PBXGroup;
			children = (
				98A72DF41DA3A1B900853CDD /* JsonFile.swift */,
				98A72DF71DA3A2D400853CDD /* SubmissionFile.swift */,
			);
			name = serialization;
			sourceTree = "<group>";
		};
		98A72DFA1DA3A33A00853CDD /* submissionstates */ = {
			isa = PBXGroup;
			children = (
				98A72DFB1DA3A34700853CDD /* InitialSubmission.swift */,
				98A72E021DA3A8AD00853CDD /* SubmittedSubmission.swift */,
				98A72E051DA3A8BB00853CDD /* EncryptedSubmission.swift */,
				98A72E081DA3AACD00853CDD /* DeletedSubmission.swift */,
				980314381DA3B6D5005603E8 /* DecryptedSubmission.swift */,
				988467C61DA5328200E2D1CB /* SubmissionStateFromFile.swift */,
				988467C91DA533C200E2D1CB /* NotASubmission.swift */,
			);
			name = submissionstates;
			sourceTree = "<group>";
		};
		98A72DFE1DA3A80600853CDD /* submissiondecisions */ = {
			isa = PBXGroup;
			children = (
				98A72DFF1DA3A82300853CDD /* SubmitIfConnectionIsSatisfactory.swift */,
				988467C31DA531FF00E2D1CB /* AlwaysSubmit.swift */,
			);
			name = submissiondecisions;
			sourceTree = "<group>";
		};
		98E240181D9E52B5000EDED2 = {
			isa = PBXGroup;
			children = (
				98E240241D9E52B5000EDED2 /* MobileNettskjema */,
				98E2402F1D9E52B5000EDED2 /* MobileNettskjemaTests */,
				988467EF1DA67C3500E2D1CB /* dummytestingapp */,
				98E240231D9E52B5000EDED2 /* Products */,
				98A72DCC1D9EAA8F00853CDD /* Frameworks */,
			);
			sourceTree = "<group>";
		};
		98E240231D9E52B5000EDED2 /* Products */ = {
			isa = PBXGroup;
			children = (
				98E240221D9E52B5000EDED2 /* MobileNettskjema.framework */,
				98E2402B1D9E52B5000EDED2 /* MobileNettskjemaTests.xctest */,
				988467EE1DA67C3500E2D1CB /* dummytestingapp.app */,
			);
			name = Products;
			sourceTree = "<group>";
		};
		98E240241D9E52B5000EDED2 /* MobileNettskjema */ = {
			isa = PBXGroup;
			children = (
				98A72DE81DA39CE300853CDD /* deferredsubmission */,
				985FC2701D9E5ED600958E97 /* submission */,
				98E240261D9E52B5000EDED2 /* Info.plist */,
				985FC26C1D9E5B2700958E97 /* ReactNativeNettskjema.h */,
				985FC2751D9E601A00958E97 /* protocols.swift */,
				98A72DEC1DA39DEC00853CDD /* MobileNettskjema.swift */,
				98FC2DAF1DA6831B002E1C87 /* encoding.swift */,
			);
			name = MobileNettskjema;
			path = ReactNativeNettskjema;
			sourceTree = "<group>";
		};
		98E2402F1D9E52B5000EDED2 /* MobileNettskjemaTests */ = {
			isa = PBXGroup;
			children = (
				985FC2781D9E608E00958E97 /* testdata */,
				98E240321D9E52B5000EDED2 /* Info.plist */,
				985FC26E1D9E5CFE00958E97 /* NettskjemaSubmissionTest.swift */,
				98A72DD61DA25D7B00853CDD /* SerializationTest.swift */,
				98A72DD41DA23BFC00853CDD /* CsrfRequestTest.swift */,
				98A72DE11DA38D2300853CDD /* MobileNettskjemaTest.swift */,
				988467E01DA6407A00E2D1CB /* EncryptionTest.swift */,
			);
			name = MobileNettskjemaTests;
			path = ReactNativeNettskjemaTests;
			sourceTree = "<group>";
		};
/* End PBXGroup section */

/* Begin PBXHeadersBuildPhase section */
		98E2401F1D9E52B5000EDED2 /* Headers */ = {
			isa = PBXHeadersBuildPhase;
			buildActionMask = 2147483647;
			files = (
				985FC26D1D9E5B2700958E97 /* ReactNativeNettskjema.h in Headers */,
			);
			runOnlyForDeploymentPostprocessing = 0;
		};
/* End PBXHeadersBuildPhase section */

/* Begin PBXNativeTarget section */
		988467ED1DA67C3500E2D1CB /* dummytestingapp */ = {
			isa = PBXNativeTarget;
			buildConfigurationList = 988467FD1DA67C3500E2D1CB /* Build configuration list for PBXNativeTarget "dummytestingapp" */;
			buildPhases = (
				988467EA1DA67C3500E2D1CB /* Sources */,
				988467EB1DA67C3500E2D1CB /* Frameworks */,
				988467EC1DA67C3500E2D1CB /* Resources */,
				988468071DA67CC000E2D1CB /* ShellScript */,
			);
			buildRules = (
			);
			dependencies = (
			);
			name = dummytestingapp;
			productName = dummytestingapp;
			productReference = 988467EE1DA67C3500E2D1CB /* dummytestingapp.app */;
			productType = "com.apple.product-type.application";
		};
		98E240211D9E52B5000EDED2 /* MobileNettskjema */ = {
			isa = PBXNativeTarget;
			buildConfigurationList = 98E240361D9E52B5000EDED2 /* Build configuration list for PBXNativeTarget "MobileNettskjema" */;
			buildPhases = (
				98E2401D1D9E52B5000EDED2 /* Sources */,
				98E2401E1D9E52B5000EDED2 /* Frameworks */,
				98E2401F1D9E52B5000EDED2 /* Headers */,
				98E240201D9E52B5000EDED2 /* Resources */,
			);
			buildRules = (
			);
			dependencies = (
			);
			name = MobileNettskjema;
			productName = ReactNativeNettskjema;
			productReference = 98E240221D9E52B5000EDED2 /* MobileNettskjema.framework */;
			productType = "com.apple.product-type.framework";
		};
		98E2402A1D9E52B5000EDED2 /* MobileNettskjemaTests */ = {
			isa = PBXNativeTarget;
			buildConfigurationList = 98E240391D9E52B5000EDED2 /* Build configuration list for PBXNativeTarget "MobileNettskjemaTests" */;
			buildPhases = (
				98E240271D9E52B5000EDED2 /* Sources */,
				98E240281D9E52B5000EDED2 /* Frameworks */,
				98E240291D9E52B5000EDED2 /* Resources */,
			);
			buildRules = (
			);
			dependencies = (
				98E2402E1D9E52B5000EDED2 /* PBXTargetDependency */,
				988468021DA67C5300E2D1CB /* PBXTargetDependency */,
			);
			name = MobileNettskjemaTests;
			productName = ReactNativeNettskjemaTests;
			productReference = 98E2402B1D9E52B5000EDED2 /* MobileNettskjemaTests.xctest */;
			productType = "com.apple.product-type.bundle.unit-test";
		};
/* End PBXNativeTarget section */

/* Begin PBXProject section */
		98E240191D9E52B5000EDED2 /* Project object */ = {
			isa = PBXProject;
			attributes = {
				LastSwiftUpdateCheck = 0800;
				LastUpgradeCheck = 0800;
				ORGANIZATIONNAME = "University of Oslo, Norway";
				TargetAttributes = {
					988467ED1DA67C3500E2D1CB = {
						CreatedOnToolsVersion = 8.0;
						DevelopmentTeam = L6H6YNBUBK;
						ProvisioningStyle = Automatic;
						SystemCapabilities = {
							com.apple.Keychain = {
								enabled = 1;
							};
						};
					};
					98E240211D9E52B5000EDED2 = {
						CreatedOnToolsVersion = 8.0;
						DevelopmentTeam = L6H6YNBUBK;
						LastSwiftMigration = 0800;
						ProvisioningStyle = Automatic;
					};
					98E2402A1D9E52B5000EDED2 = {
						CreatedOnToolsVersion = 8.0;
						DevelopmentTeam = L6H6YNBUBK;
						ProvisioningStyle = Automatic;
						TestTargetID = 988467ED1DA67C3500E2D1CB;
					};
				};
			};
			buildConfigurationList = 98E2401C1D9E52B5000EDED2 /* Build configuration list for PBXProject "MobileNettskjema" */;
			compatibilityVersion = "Xcode 3.2";
			developmentRegion = English;
			hasScannedForEncodings = 0;
			knownRegions = (
				en,
				Base,
			);
			mainGroup = 98E240181D9E52B5000EDED2;
			productRefGroup = 98E240231D9E52B5000EDED2 /* Products */;
			projectDirPath = "";
			projectRoot = "";
			targets = (
				98E240211D9E52B5000EDED2 /* MobileNettskjema */,
				98E2402A1D9E52B5000EDED2 /* MobileNettskjemaTests */,
				988467ED1DA67C3500E2D1CB /* dummytestingapp */,
			);
		};
/* End PBXProject section */

/* Begin PBXResourcesBuildPhase section */
		988467EC1DA67C3500E2D1CB /* Resources */ = {
			isa = PBXResourcesBuildPhase;
			buildActionMask = 2147483647;
			files = (
				988467FB1DA67C3500E2D1CB /* LaunchScreen.storyboard in Resources */,
				988467F81DA67C3500E2D1CB /* Assets.xcassets in Resources */,
				988467F61DA67C3500E2D1CB /* Main.storyboard in Resources */,
			);
			runOnlyForDeploymentPostprocessing = 0;
		};
		98E240201D9E52B5000EDED2 /* Resources */ = {
			isa = PBXResourcesBuildPhase;
			buildActionMask = 2147483647;
			files = (
			);
			runOnlyForDeploymentPostprocessing = 0;
		};
		98E240291D9E52B5000EDED2 /* Resources */ = {
			isa = PBXResourcesBuildPhase;
			buildActionMask = 2147483647;
			files = (
			);
			runOnlyForDeploymentPostprocessing = 0;
		};
/* End PBXResourcesBuildPhase section */

/* Begin PBXShellScriptBuildPhase section */
		988468071DA67CC000E2D1CB /* ShellScript */ = {
			isa = PBXShellScriptBuildPhase;
			buildActionMask = 2147483647;
			files = (
			);
			inputPaths = (
				"$(SRCROOT)/Carthage/Build/iOS/Alamofire.framework",
				"$(SRCROOT)/Carthage/Build/iOS/Reachability.framework",
				"$(SRCROOT)/Carthage/Build/iOS/CryptoSwift.framework",
				"$(SRCROOT)/Carthage/Build/iOS/KeychainSwift.framework",
			);
			outputPaths = (
			);
			runOnlyForDeploymentPostprocessing = 0;
			shellPath = /bin/sh;
			shellScript = "/usr/local/bin/carthage copy-frameworks\n";
		};
/* End PBXShellScriptBuildPhase section */

/* Begin PBXSourcesBuildPhase section */
		988467EA1DA67C3500E2D1CB /* Sources */ = {
			isa = PBXSourcesBuildPhase;
			buildActionMask = 2147483647;
			files = (
				988467F31DA67C3500E2D1CB /* ViewController.swift in Sources */,
				988467F11DA67C3500E2D1CB /* AppDelegate.swift in Sources */,
			);
			runOnlyForDeploymentPostprocessing = 0;
		};
		98E2401D1D9E52B5000EDED2 /* Sources */ = {
			isa = PBXSourcesBuildPhase;
			buildActionMask = 2147483647;
			files = (
				988467C41DA531FF00E2D1CB /* AlwaysSubmit.swift in Sources */,
				985FC2A41D9E764900958E97 /* NettskjemaCsrfTokenFactory.swift in Sources */,
				985FC2981D9E71CA00958E97 /* UploadQuestion.swift in Sources */,
				988467E81DA670E700E2D1CB /* EncryptionKey.swift in Sources */,
				985FC29E1D9E732900958E97 /* NettskjemaFormSubmission.swift in Sources */,
				988467D51DA6380F00E2D1CB /* DecryptionPipe.swift in Sources */,
				98A72DF51DA3A1B900853CDD /* JsonFile.swift in Sources */,
				985FC28F1D9E6F7C00958E97 /* NettskjemaFieldIdentifier.swift in Sources */,
				98A72DED1DA39DEC00853CDD /* MobileNettskjema.swift in Sources */,
				98A72E001DA3A82300853CDD /* SubmitIfConnectionIsSatisfactory.swift in Sources */,
				98A72DFC1DA3A34700853CDD /* InitialSubmission.swift in Sources */,
				988467C71DA5328200E2D1CB /* SubmissionStateFromFile.swift in Sources */,
				98A72DD91DA26F9F00853CDD /* NettskjemaJsonField.swift in Sources */,
				98A72E061DA3A8BB00853CDD /* EncryptedSubmission.swift in Sources */,
				988467D81DA63D9C00E2D1CB /* EncryptionMethod.swift in Sources */,
				985FC27A1D9E60A100958E97 /* TestFile.swift in Sources */,
				988467BD1DA50EFC00E2D1CB /* Queue.swift in Sources */,
				98A72DEA1DA39CEC00853CDD /* events.swift in Sources */,
				98A72DF81DA3A2D400853CDD /* SubmissionFile.swift in Sources */,
				985FC2891D9E6E9600958E97 /* TextQuestionAnswer.swift in Sources */,
				98FC2DB01DA6831B002E1C87 /* encoding.swift in Sources */,
				988467CA1DA533C200E2D1CB /* NotASubmission.swift in Sources */,
				988467DE1DA6402400E2D1CB /* EncryptionPipe.swift in Sources */,
				985FC29B1D9E723800958E97 /* FileUploadForField.swift in Sources */,
				988467E31DA6557900E2D1CB /* Base64IvAndCiphertext.swift in Sources */,
				985FC28C1D9E6EF400958E97 /* TextQuestion.swift in Sources */,
				985FC2851D9E668400958E97 /* NettskjemaForm.swift in Sources */,
				98A72E091DA3AACD00853CDD /* DeletedSubmission.swift in Sources */,
				988467C11DA52F6500E2D1CB /* TemporaryFile.swift in Sources */,
				98A72DF11DA3A0E000853CDD /* NettskjemaQueueableFormSubmission.swift in Sources */,
				985FC2951D9E70AF00958E97 /* RadioQuestion.swift in Sources */,
				98A72DDC1DA2805600853CDD /* StorageDirectory.swift in Sources */,
				985FC2821D9E641100958E97 /* MultipleChoiceQuestion.swift in Sources */,
				985FC2A11D9E75DC00958E97 /* NettskjemaCsrfRequestFactory.swift in Sources */,
				985FC27E1D9E636000958E97 /* TestForm.swift in Sources */,
				985FC2A71D9E771800958E97 /* NettskjemaFilledInForm.swift in Sources */,
				98A72DDF1DA2913B00853CDD /* NettskjemaJsonFields.swift in Sources */,
				985FC2921D9E701000958E97 /* SelectedMultiOption.swift in Sources */,
				988467CD1DA5372E00E2D1CB /* AutoSubmissionSetting.swift in Sources */,
				980314391DA3B6D5005603E8 /* DecryptedSubmission.swift in Sources */,
				98A72E031DA3A8AD00853CDD /* SubmittedSubmission.swift in Sources */,
				988467DB1DA63F3A00E2D1CB /* InplaceFileTransformation.swift in Sources */,
				985FC2731D9E5F3100958E97 /* NettskjemaFormSubmissionFactory.swift in Sources */,
				985FC2761D9E601A00958E97 /* protocols.swift in Sources */,
			);
			runOnlyForDeploymentPostprocessing = 0;
		};
		98E240271D9E52B5000EDED2 /* Sources */ = {
			isa = PBXSourcesBuildPhase;
			buildActionMask = 2147483647;
			files = (
				9803143B1DA3B6DB005603E8 /* InitialSubmission.swift in Sources */,
				988467DC1DA63F3A00E2D1CB /* InplaceFileTransformation.swift in Sources */,
				988467E91DA670E700E2D1CB /* EncryptionKey.swift in Sources */,
				98A72DD71DA25D7B00853CDD /* SerializationTest.swift in Sources */,
				98A72DDA1DA278A500853CDD /* NettskjemaJsonField.swift in Sources */,
				985FC2A81D9E771800958E97 /* NettskjemaFilledInForm.swift in Sources */,
				985FC28D1D9E6EF400958E97 /* TextQuestion.swift in Sources */,
				988467CB1DA533C200E2D1CB /* NotASubmission.swift in Sources */,
				9803143D1DA3B6DB005603E8 /* EncryptedSubmission.swift in Sources */,
				985FC2961D9E70AF00958E97 /* RadioQuestion.swift in Sources */,
				988467C81DA5328200E2D1CB /* SubmissionStateFromFile.swift in Sources */,
				988467BE1DA50EFF00E2D1CB /* Queue.swift in Sources */,
				985FC2A51D9E764900958E97 /* NettskjemaCsrfTokenFactory.swift in Sources */,
				985FC2831D9E641100958E97 /* MultipleChoiceQuestion.swift in Sources */,
				985FC2861D9E668400958E97 /* NettskjemaForm.swift in Sources */,
				988467CE1DA5372E00E2D1CB /* AutoSubmissionSetting.swift in Sources */,
				985FC2741D9E5F3100958E97 /* NettskjemaFormSubmissionFactory.swift in Sources */,
				988467D91DA63D9C00E2D1CB /* EncryptionMethod.swift in Sources */,
				9803143E1DA3B6DB005603E8 /* DeletedSubmission.swift in Sources */,
				988467C21DA52F6500E2D1CB /* TemporaryFile.swift in Sources */,
				985FC29C1D9E723800958E97 /* FileUploadForField.swift in Sources */,
				985FC2901D9E6F7C00958E97 /* NettskjemaFieldIdentifier.swift in Sources */,
				98A72DF21DA3A0E000853CDD /* NettskjemaQueueableFormSubmission.swift in Sources */,
				985FC2A21D9E75DC00958E97 /* NettskjemaCsrfRequestFactory.swift in Sources */,
				988467C51DA531FF00E2D1CB /* AlwaysSubmit.swift in Sources */,
				988467E11DA6407A00E2D1CB /* EncryptionTest.swift in Sources */,
				985FC26F1D9E5CFE00958E97 /* NettskjemaSubmissionTest.swift in Sources */,
				985FC28A1D9E6E9600958E97 /* TextQuestionAnswer.swift in Sources */,
				98A72DEB1DA39CEC00853CDD /* events.swift in Sources */,
				9803143C1DA3B6DB005603E8 /* SubmittedSubmission.swift in Sources */,
				9803143F1DA3B6DB005603E8 /* DecryptedSubmission.swift in Sources */,
				98FC2DB11DA6831B002E1C87 /* encoding.swift in Sources */,
				985FC27B1D9E60A100958E97 /* TestFile.swift in Sources */,
				985FC2991D9E71CA00958E97 /* UploadQuestion.swift in Sources */,
				98A72DDD1DA2805600853CDD /* StorageDirectory.swift in Sources */,
				985FC2931D9E701000958E97 /* SelectedMultiOption.swift in Sources */,
				98A72DF91DA3A2D400853CDD /* SubmissionFile.swift in Sources */,
				985FC2771D9E601A00958E97 /* protocols.swift in Sources */,
				98A72DE31DA38D2300853CDD /* MobileNettskjemaTest.swift in Sources */,
				98A72DD51DA23BFC00853CDD /* CsrfRequestTest.swift in Sources */,
				988467E41DA6557900E2D1CB /* Base64IvAndCiphertext.swift in Sources */,
				985FC27F1D9E636000958E97 /* TestForm.swift in Sources */,
				98A72E011DA3A82300853CDD /* SubmitIfConnectionIsSatisfactory.swift in Sources */,
				985FC29F1D9E732900958E97 /* NettskjemaFormSubmission.swift in Sources */,
				98A72DE01DA2913B00853CDD /* NettskjemaJsonFields.swift in Sources */,
				988467DF1DA6402400E2D1CB /* EncryptionPipe.swift in Sources */,
				98A72DEE1DA39DEC00853CDD /* MobileNettskjema.swift in Sources */,
				988467D61DA6380F00E2D1CB /* DecryptionPipe.swift in Sources */,
				98A72DF61DA3A1B900853CDD /* JsonFile.swift in Sources */,
			);
			runOnlyForDeploymentPostprocessing = 0;
		};
/* End PBXSourcesBuildPhase section */

/* Begin PBXTargetDependency section */
		988468021DA67C5300E2D1CB /* PBXTargetDependency */ = {
			isa = PBXTargetDependency;
			target = 988467ED1DA67C3500E2D1CB /* dummytestingapp */;
			targetProxy = 988468011DA67C5300E2D1CB /* PBXContainerItemProxy */;
		};
		98E2402E1D9E52B5000EDED2 /* PBXTargetDependency */ = {
			isa = PBXTargetDependency;
			target = 98E240211D9E52B5000EDED2 /* MobileNettskjema */;
			targetProxy = 98E2402D1D9E52B5000EDED2 /* PBXContainerItemProxy */;
		};
/* End PBXTargetDependency section */

/* Begin PBXVariantGroup section */
		988467F41DA67C3500E2D1CB /* Main.storyboard */ = {
			isa = PBXVariantGroup;
			children = (
				988467F51DA67C3500E2D1CB /* Base */,
			);
			name = Main.storyboard;
			sourceTree = "<group>";
		};
		988467F91DA67C3500E2D1CB /* LaunchScreen.storyboard */ = {
			isa = PBXVariantGroup;
			children = (
				988467FA1DA67C3500E2D1CB /* Base */,
			);
			name = LaunchScreen.storyboard;
			sourceTree = "<group>";
		};
/* End PBXVariantGroup section */

/* Begin XCBuildConfiguration section */
		988467FE1DA67C3500E2D1CB /* Debug */ = {
			isa = XCBuildConfiguration;
			buildSettings = {
				ASSETCATALOG_COMPILER_APPICON_NAME = AppIcon;
				CODE_SIGN_ENTITLEMENTS = dummytestingapp/dummytestingapp.entitlements;
				DEVELOPMENT_TEAM = L6H6YNBUBK;
				FRAMEWORK_SEARCH_PATHS = (
					"$(inherited)",
					"$(PROJECT_DIR)/Carthage/Build/iOS",
				);
				INFOPLIST_FILE = dummytestingapp/Info.plist;
				LD_RUNPATH_SEARCH_PATHS = "$(inherited) @executable_path/Frameworks";
				PRODUCT_BUNDLE_IDENTIFIER = no.uio.mobileapps.dummytestingapp;
				PRODUCT_NAME = "$(TARGET_NAME)";
				SWIFT_VERSION = 2.3;
			};
			name = Debug;
		};
		988467FF1DA67C3500E2D1CB /* Release */ = {
			isa = XCBuildConfiguration;
			buildSettings = {
				ASSETCATALOG_COMPILER_APPICON_NAME = AppIcon;
				CODE_SIGN_ENTITLEMENTS = dummytestingapp/dummytestingapp.entitlements;
				DEVELOPMENT_TEAM = L6H6YNBUBK;
				FRAMEWORK_SEARCH_PATHS = (
					"$(inherited)",
					"$(PROJECT_DIR)/Carthage/Build/iOS",
				);
				INFOPLIST_FILE = dummytestingapp/Info.plist;
				LD_RUNPATH_SEARCH_PATHS = "$(inherited) @executable_path/Frameworks";
				PRODUCT_BUNDLE_IDENTIFIER = no.uio.mobileapps.dummytestingapp;
				PRODUCT_NAME = "$(TARGET_NAME)";
				SWIFT_VERSION = 2.3;
			};
			name = Release;
		};
		98E240341D9E52B5000EDED2 /* Debug */ = {
			isa = XCBuildConfiguration;
			buildSettings = {
				ALWAYS_SEARCH_USER_PATHS = NO;
				CLANG_ANALYZER_NONNULL = YES;
				CLANG_CXX_LANGUAGE_STANDARD = "gnu++0x";
				CLANG_CXX_LIBRARY = "libc++";
				CLANG_ENABLE_MODULES = YES;
				CLANG_ENABLE_OBJC_ARC = YES;
				CLANG_WARN_BOOL_CONVERSION = YES;
				CLANG_WARN_CONSTANT_CONVERSION = YES;
				CLANG_WARN_DIRECT_OBJC_ISA_USAGE = YES_ERROR;
				CLANG_WARN_DOCUMENTATION_COMMENTS = YES;
				CLANG_WARN_EMPTY_BODY = YES;
				CLANG_WARN_ENUM_CONVERSION = YES;
				CLANG_WARN_INFINITE_RECURSION = YES;
				CLANG_WARN_INT_CONVERSION = YES;
				CLANG_WARN_OBJC_ROOT_CLASS = YES_ERROR;
				CLANG_WARN_SUSPICIOUS_MOVES = YES;
				CLANG_WARN_UNREACHABLE_CODE = YES;
				CLANG_WARN__DUPLICATE_METHOD_MATCH = YES;
				"CODE_SIGN_IDENTITY[sdk=iphoneos*]" = "iPhone Developer";
				COPY_PHASE_STRIP = NO;
				CURRENT_PROJECT_VERSION = 1;
				DEBUG_INFORMATION_FORMAT = dwarf;
				ENABLE_STRICT_OBJC_MSGSEND = YES;
				ENABLE_TESTABILITY = YES;
				GCC_C_LANGUAGE_STANDARD = gnu99;
				GCC_DYNAMIC_NO_PIC = NO;
				GCC_NO_COMMON_BLOCKS = YES;
				GCC_OPTIMIZATION_LEVEL = 0;
				GCC_PREPROCESSOR_DEFINITIONS = (
					"DEBUG=1",
					"$(inherited)",
				);
				GCC_WARN_64_TO_32_BIT_CONVERSION = YES;
				GCC_WARN_ABOUT_RETURN_TYPE = YES_ERROR;
				GCC_WARN_UNDECLARED_SELECTOR = YES;
				GCC_WARN_UNINITIALIZED_AUTOS = YES_AGGRESSIVE;
				GCC_WARN_UNUSED_FUNCTION = YES;
				GCC_WARN_UNUSED_VARIABLE = YES;
				IPHONEOS_DEPLOYMENT_TARGET = 10.0;
				MTL_ENABLE_DEBUG_INFO = YES;
				ONLY_ACTIVE_ARCH = YES;
				SDKROOT = iphoneos;
				SWIFT_ACTIVE_COMPILATION_CONDITIONS = DEBUG;
				SWIFT_OPTIMIZATION_LEVEL = "-Onone";
				TARGETED_DEVICE_FAMILY = "1,2";
				VERSIONING_SYSTEM = "apple-generic";
				VERSION_INFO_PREFIX = "";
			};
			name = Debug;
		};
		98E240351D9E52B5000EDED2 /* Release */ = {
			isa = XCBuildConfiguration;
			buildSettings = {
				ALWAYS_SEARCH_USER_PATHS = NO;
				CLANG_ANALYZER_NONNULL = YES;
				CLANG_CXX_LANGUAGE_STANDARD = "gnu++0x";
				CLANG_CXX_LIBRARY = "libc++";
				CLANG_ENABLE_MODULES = YES;
				CLANG_ENABLE_OBJC_ARC = YES;
				CLANG_WARN_BOOL_CONVERSION = YES;
				CLANG_WARN_CONSTANT_CONVERSION = YES;
				CLANG_WARN_DIRECT_OBJC_ISA_USAGE = YES_ERROR;
				CLANG_WARN_DOCUMENTATION_COMMENTS = YES;
				CLANG_WARN_EMPTY_BODY = YES;
				CLANG_WARN_ENUM_CONVERSION = YES;
				CLANG_WARN_INFINITE_RECURSION = YES;
				CLANG_WARN_INT_CONVERSION = YES;
				CLANG_WARN_OBJC_ROOT_CLASS = YES_ERROR;
				CLANG_WARN_SUSPICIOUS_MOVES = YES;
				CLANG_WARN_UNREACHABLE_CODE = YES;
				CLANG_WARN__DUPLICATE_METHOD_MATCH = YES;
				"CODE_SIGN_IDENTITY[sdk=iphoneos*]" = "iPhone Developer";
				COPY_PHASE_STRIP = NO;
				CURRENT_PROJECT_VERSION = 1;
				DEBUG_INFORMATION_FORMAT = "dwarf-with-dsym";
				ENABLE_NS_ASSERTIONS = NO;
				ENABLE_STRICT_OBJC_MSGSEND = YES;
				GCC_C_LANGUAGE_STANDARD = gnu99;
				GCC_NO_COMMON_BLOCKS = YES;
				GCC_WARN_64_TO_32_BIT_CONVERSION = YES;
				GCC_WARN_ABOUT_RETURN_TYPE = YES_ERROR;
				GCC_WARN_UNDECLARED_SELECTOR = YES;
				GCC_WARN_UNINITIALIZED_AUTOS = YES_AGGRESSIVE;
				GCC_WARN_UNUSED_FUNCTION = YES;
				GCC_WARN_UNUSED_VARIABLE = YES;
				IPHONEOS_DEPLOYMENT_TARGET = 10.0;
				MTL_ENABLE_DEBUG_INFO = NO;
				SDKROOT = iphoneos;
				SWIFT_OPTIMIZATION_LEVEL = "-Owholemodule";
				TARGETED_DEVICE_FAMILY = "1,2";
				VALIDATE_PRODUCT = YES;
				VERSIONING_SYSTEM = "apple-generic";
				VERSION_INFO_PREFIX = "";
			};
			name = Release;
		};
		98E240371D9E52B5000EDED2 /* Debug */ = {
			isa = XCBuildConfiguration;
			buildSettings = {
				CLANG_ENABLE_MODULES = YES;
				CODE_SIGN_IDENTITY = "";
				DEFINES_MODULE = YES;
				DEVELOPMENT_TEAM = L6H6YNBUBK;
				DYLIB_COMPATIBILITY_VERSION = 1;
				DYLIB_CURRENT_VERSION = 1;
				DYLIB_INSTALL_NAME_BASE = "@rpath";
				FRAMEWORK_SEARCH_PATHS = (
					"$(inherited)",
					"$(PROJECT_DIR)/Carthage/Build/iOS",
				);
				INFOPLIST_FILE = ReactNativeNettskjema/Info.plist;
				INSTALL_PATH = "$(LOCAL_LIBRARY_DIR)/Frameworks";
				IPHONEOS_DEPLOYMENT_TARGET = 8.3;
				LD_RUNPATH_SEARCH_PATHS = "$(inherited) @executable_path/Frameworks @loader_path/Frameworks";
				PRODUCT_BUNDLE_IDENTIFIER = no.uio.mobileapps.ReactNativeNettskjema;
				PRODUCT_NAME = "$(TARGET_NAME)";
				SKIP_INSTALL = YES;
				SWIFT_OPTIMIZATION_LEVEL = "-Onone";
				SWIFT_VERSION = 2.3;
			};
			name = Debug;
		};
		98E240381D9E52B5000EDED2 /* Release */ = {
			isa = XCBuildConfiguration;
			buildSettings = {
				CLANG_ENABLE_MODULES = YES;
				CODE_SIGN_IDENTITY = "";
				DEFINES_MODULE = YES;
				DEVELOPMENT_TEAM = L6H6YNBUBK;
				DYLIB_COMPATIBILITY_VERSION = 1;
				DYLIB_CURRENT_VERSION = 1;
				DYLIB_INSTALL_NAME_BASE = "@rpath";
				FRAMEWORK_SEARCH_PATHS = (
					"$(inherited)",
					"$(PROJECT_DIR)/Carthage/Build/iOS",
				);
				INFOPLIST_FILE = ReactNativeNettskjema/Info.plist;
				INSTALL_PATH = "$(LOCAL_LIBRARY_DIR)/Frameworks";
				IPHONEOS_DEPLOYMENT_TARGET = 8.3;
				LD_RUNPATH_SEARCH_PATHS = "$(inherited) @executable_path/Frameworks @loader_path/Frameworks";
				PRODUCT_BUNDLE_IDENTIFIER = no.uio.mobileapps.ReactNativeNettskjema;
				PRODUCT_NAME = "$(TARGET_NAME)";
				SKIP_INSTALL = YES;
				SWIFT_VERSION = 2.3;
			};
			name = Release;
		};
		98E2403A1D9E52B5000EDED2 /* Debug */ = {
			isa = XCBuildConfiguration;
			buildSettings = {
				ALWAYS_EMBED_SWIFT_STANDARD_LIBRARIES = YES;
				DEVELOPMENT_TEAM = L6H6YNBUBK;
				FRAMEWORK_SEARCH_PATHS = (
					"$(inherited)",
					"$(PROJECT_DIR)/Carthage/Build/iOS",
				);
				INFOPLIST_FILE = ReactNativeNettskjemaTests/Info.plist;
				LD_RUNPATH_SEARCH_PATHS = "$(inherited) @executable_path/Frameworks @loader_path/Frameworks";
				PRODUCT_BUNDLE_IDENTIFIER = no.uio.mobileapps.ReactNativeNettskjemaTests;
				PRODUCT_NAME = "$(TARGET_NAME)";
				SWIFT_VERSION = 2.3;
				TEST_HOST = "$(BUILT_PRODUCTS_DIR)/dummytestingapp.app/dummytestingapp";
			};
			name = Debug;
		};
		98E2403B1D9E52B5000EDED2 /* Release */ = {
			isa = XCBuildConfiguration;
			buildSettings = {
				ALWAYS_EMBED_SWIFT_STANDARD_LIBRARIES = YES;
				DEVELOPMENT_TEAM = L6H6YNBUBK;
				FRAMEWORK_SEARCH_PATHS = (
					"$(inherited)",
					"$(PROJECT_DIR)/Carthage/Build/iOS",
				);
				INFOPLIST_FILE = ReactNativeNettskjemaTests/Info.plist;
				LD_RUNPATH_SEARCH_PATHS = "$(inherited) @executable_path/Frameworks @loader_path/Frameworks";
				PRODUCT_BUNDLE_IDENTIFIER = no.uio.mobileapps.ReactNativeNettskjemaTests;
				PRODUCT_NAME = "$(TARGET_NAME)";
				SWIFT_VERSION = 2.3;
				TEST_HOST = "$(BUILT_PRODUCTS_DIR)/dummytestingapp.app/dummytestingapp";
			};
			name = Release;
		};
/* End XCBuildConfiguration section */

/* Begin XCConfigurationList section */
		988467FD1DA67C3500E2D1CB /* Build configuration list for PBXNativeTarget "dummytestingapp" */ = {
			isa = XCConfigurationList;
			buildConfigurations = (
				988467FE1DA67C3500E2D1CB /* Debug */,
				988467FF1DA67C3500E2D1CB /* Release */,
			);
			defaultConfigurationIsVisible = 0;
			defaultConfigurationName = Release;
		};
		98E2401C1D9E52B5000EDED2 /* Build configuration list for PBXProject "MobileNettskjema" */ = {
			isa = XCConfigurationList;
			buildConfigurations = (
				98E240341D9E52B5000EDED2 /* Debug */,
				98E240351D9E52B5000EDED2 /* Release */,
			);
			defaultConfigurationIsVisible = 0;
			defaultConfigurationName = Release;
		};
		98E240361D9E52B5000EDED2 /* Build configuration list for PBXNativeTarget "MobileNettskjema" */ = {
			isa = XCConfigurationList;
			buildConfigurations = (
				98E240371D9E52B5000EDED2 /* Debug */,
				98E240381D9E52B5000EDED2 /* Release */,
			);
			defaultConfigurationIsVisible = 0;
			defaultConfigurationName = Release;
		};
		98E240391D9E52B5000EDED2 /* Build configuration list for PBXNativeTarget "MobileNettskjemaTests" */ = {
			isa = XCConfigurationList;
			buildConfigurations = (
				98E2403A1D9E52B5000EDED2 /* Debug */,
				98E2403B1D9E52B5000EDED2 /* Release */,
			);
			defaultConfigurationIsVisible = 0;
			defaultConfigurationName = Release;
		};
/* End XCConfigurationList section */
	};
	rootObject = 98E240191D9E52B5000EDED2 /* Project object */;
}
