// !$*UTF8*$!
{
	archiveVersion = 1;
	classes = {
	};
	objectVersion = 46;
	objects = {

/* Begin PBXBuildFile section */
		9846F0391DAD1512004B801C /* RNNettskjema.m in Sources */ = {isa = PBXBuildFile; fileRef = 9846F0291DAD14B0004B801C /* RNNettskjema.m */; };
		9884CE791E1F9DF000BD0A71 /* MobileNettskjema.framework in Frameworks */ = {isa = PBXBuildFile; fileRef = 9884CE781E1F9DF000BD0A71 /* MobileNettskjema.framework */; };
		98D3A6691DAE48C400876E20 /* JSEventSink.m in Sources */ = {isa = PBXBuildFile; fileRef = 98D3A6681DAE48C400876E20 /* JSEventSink.m */; };
/* End PBXBuildFile section */

/* Begin PBXCopyFilesBuildPhase section */
		9846F02E1DAD1507004B801C /* CopyFiles */ = {
			isa = PBXCopyFilesBuildPhase;
			buildActionMask = 2147483647;
			dstPath = "include/$(PRODUCT_NAME)";
			dstSubfolderSpec = 16;
			files = (
			);
			runOnlyForDeploymentPostprocessing = 0;
		};
/* End PBXCopyFilesBuildPhase section */

/* Begin PBXFileReference section */
		9846F0281DAD14B0004B801C /* RNNettskjema.h */ = {isa = PBXFileReference; lastKnownFileType = sourcecode.c.h; path = RNNettskjema.h; sourceTree = "<group>"; };
		9846F0291DAD14B0004B801C /* RNNettskjema.m */ = {isa = PBXFileReference; lastKnownFileType = sourcecode.c.objc; path = RNNettskjema.m; sourceTree = "<group>"; };
		9846F0301DAD1507004B801C /* libReactNativeNettskjema.a */ = {isa = PBXFileReference; explicitFileType = archive.ar; includeInIndex = 0; path = libReactNativeNettskjema.a; sourceTree = BUILT_PRODUCTS_DIR; };
		988467B91DA4F7A500E2D1CB /* Alamofire.framework */ = {isa = PBXFileReference; lastKnownFileType = wrapper.framework; name = Alamofire.framework; path = Carthage/Build/iOS/Alamofire.framework; sourceTree = "<group>"; };
		988467CF1DA53B5900E2D1CB /* Reachability.framework */ = {isa = PBXFileReference; lastKnownFileType = wrapper.framework; name = Reachability.framework; path = Carthage/Build/iOS/Reachability.framework; sourceTree = "<group>"; };
		988467D11DA6377A00E2D1CB /* CryptoSwift.framework */ = {isa = PBXFileReference; lastKnownFileType = wrapper.framework; name = CryptoSwift.framework; path = Carthage/Build/iOS/CryptoSwift.framework; sourceTree = "<group>"; };
		988467E51DA6701900E2D1CB /* KeychainSwift.framework */ = {isa = PBXFileReference; lastKnownFileType = wrapper.framework; name = KeychainSwift.framework; path = Carthage/Build/iOS/KeychainSwift.framework; sourceTree = "<group>"; };
		9884CE781E1F9DF000BD0A71 /* MobileNettskjema.framework */ = {isa = PBXFileReference; lastKnownFileType = wrapper.framework; name = MobileNettskjema.framework; path = Carthage/Build/iOS/MobileNettskjema.framework; sourceTree = "<group>"; };
		98D3A6671DAE48C400876E20 /* JSEventSink.h */ = {isa = PBXFileReference; fileEncoding = 4; lastKnownFileType = sourcecode.c.h; path = JSEventSink.h; sourceTree = "<group>"; };
		98D3A6681DAE48C400876E20 /* JSEventSink.m */ = {isa = PBXFileReference; fileEncoding = 4; lastKnownFileType = sourcecode.c.objc; path = JSEventSink.m; sourceTree = "<group>"; };
		98E2402B1D9E52B5000EDED2 /* MobileNettskjemaTests.xctest */ = {isa = PBXFileReference; explicitFileType = wrapper.cfbundle; includeInIndex = 0; path = MobileNettskjemaTests.xctest; sourceTree = BUILT_PRODUCTS_DIR; };
/* End PBXFileReference section */

/* Begin PBXFrameworksBuildPhase section */
		9846F02D1DAD1507004B801C /* Frameworks */ = {
			isa = PBXFrameworksBuildPhase;
			buildActionMask = 2147483647;
			files = (
				9884CE791E1F9DF000BD0A71 /* MobileNettskjema.framework in Frameworks */,
			);
			runOnlyForDeploymentPostprocessing = 0;
		};
		98E240281D9E52B5000EDED2 /* Frameworks */ = {
			isa = PBXFrameworksBuildPhase;
			buildActionMask = 2147483647;
			files = (
			);
			runOnlyForDeploymentPostprocessing = 0;
		};
/* End PBXFrameworksBuildPhase section */

/* Begin PBXGroup section */
		9846F0251DAD1470004B801C /* ReactNative */ = {
			isa = PBXGroup;
			children = (
				9846F0271DAD14A5004B801C /* bridge */,
			);
			name = ReactNative;
			sourceTree = "<group>";
		};
		9846F0271DAD14A5004B801C /* bridge */ = {
			isa = PBXGroup;
			children = (
				9846F0281DAD14B0004B801C /* RNNettskjema.h */,
				9846F0291DAD14B0004B801C /* RNNettskjema.m */,
				98D3A6671DAE48C400876E20 /* JSEventSink.h */,
				98D3A6681DAE48C400876E20 /* JSEventSink.m */,
			);
			name = bridge;
			sourceTree = "<group>";
		};
		98A72DCC1D9EAA8F00853CDD /* Frameworks */ = {
			isa = PBXGroup;
			children = (
				9884CE781E1F9DF000BD0A71 /* MobileNettskjema.framework */,
				988467E51DA6701900E2D1CB /* KeychainSwift.framework */,
				988467D11DA6377A00E2D1CB /* CryptoSwift.framework */,
				988467CF1DA53B5900E2D1CB /* Reachability.framework */,
				988467B91DA4F7A500E2D1CB /* Alamofire.framework */,
			);
			name = Frameworks;
			sourceTree = "<group>";
		};
		98E240181D9E52B5000EDED2 = {
			isa = PBXGroup;
			children = (
				9846F0251DAD1470004B801C /* ReactNative */,
				98E2402F1D9E52B5000EDED2 /* MobileNettskjemaTests */,
				98E240231D9E52B5000EDED2 /* Products */,
				98A72DCC1D9EAA8F00853CDD /* Frameworks */,
			);
			sourceTree = "<group>";
		};
		98E240231D9E52B5000EDED2 /* Products */ = {
			isa = PBXGroup;
			children = (
				98E2402B1D9E52B5000EDED2 /* MobileNettskjemaTests.xctest */,
				9846F0301DAD1507004B801C /* libReactNativeNettskjema.a */,
			);
			name = Products;
			sourceTree = "<group>";
		};
		98E2402F1D9E52B5000EDED2 /* MobileNettskjemaTests */ = {
			isa = PBXGroup;
			children = (
			);
			name = MobileNettskjemaTests;
			path = ReactNativeNettskjemaTests;
			sourceTree = "<group>";
		};
/* End PBXGroup section */

/* Begin PBXNativeTarget section */
		9846F02F1DAD1507004B801C /* ReactNativeNettskjema */ = {
			isa = PBXNativeTarget;
			buildConfigurationList = 9846F0361DAD1507004B801C /* Build configuration list for PBXNativeTarget "ReactNativeNettskjema" */;
			buildPhases = (
				9846F02C1DAD1507004B801C /* Sources */,
				9846F02D1DAD1507004B801C /* Frameworks */,
				9846F02E1DAD1507004B801C /* CopyFiles */,
			);
			buildRules = (
			);
			dependencies = (
			);
			name = ReactNativeNettskjema;
			productName = ReactNativeNettskjema;
			productReference = 9846F0301DAD1507004B801C /* libReactNativeNettskjema.a */;
			productType = "com.apple.product-type.library.static";
		};
		98E2402A1D9E52B5000EDED2 /* MobileNettskjemaTests */ = {
			isa = PBXNativeTarget;
			buildConfigurationList = 98E240391D9E52B5000EDED2 /* Build configuration list for PBXNativeTarget "MobileNettskjemaTests" */;
			buildPhases = (
				98E240271D9E52B5000EDED2 /* Sources */,
				98E240281D9E52B5000EDED2 /* Frameworks */,
				98E240291D9E52B5000EDED2 /* Resources */,
			);
			buildRules = (
			);
			dependencies = (
			);
			name = MobileNettskjemaTests;
			productName = ReactNativeNettskjemaTests;
			productReference = 98E2402B1D9E52B5000EDED2 /* MobileNettskjemaTests.xctest */;
			productType = "com.apple.product-type.bundle.unit-test";
		};
/* End PBXNativeTarget section */

/* Begin PBXProject section */
		98E240191D9E52B5000EDED2 /* Project object */ = {
			isa = PBXProject;
			attributes = {
				LastSwiftUpdateCheck = 0800;
				LastUpgradeCheck = 0800;
				ORGANIZATIONNAME = "University of Oslo, Norway";
				TargetAttributes = {
					9846F02F1DAD1507004B801C = {
						CreatedOnToolsVersion = 8.0;
						DevelopmentTeam = L6H6YNBUBK;
						ProvisioningStyle = Automatic;
					};
					98E2402A1D9E52B5000EDED2 = {
						CreatedOnToolsVersion = 8.0;
						DevelopmentTeam = L6H6YNBUBK;
						ProvisioningStyle = Automatic;
						TestTargetID = 988467ED1DA67C3500E2D1CB;
					};
				};
			};
			buildConfigurationList = 98E2401C1D9E52B5000EDED2 /* Build configuration list for PBXProject "MobileNettskjema" */;
			compatibilityVersion = "Xcode 3.2";
			developmentRegion = English;
			hasScannedForEncodings = 0;
			knownRegions = (
				en,
				Base,
			);
			mainGroup = 98E240181D9E52B5000EDED2;
			productRefGroup = 98E240231D9E52B5000EDED2 /* Products */;
			projectDirPath = "";
			projectRoot = "";
			targets = (
				98E2402A1D9E52B5000EDED2 /* MobileNettskjemaTests */,
				9846F02F1DAD1507004B801C /* ReactNativeNettskjema */,
			);
		};
/* End PBXProject section */

/* Begin PBXResourcesBuildPhase section */
		98E240291D9E52B5000EDED2 /* Resources */ = {
			isa = PBXResourcesBuildPhase;
			buildActionMask = 2147483647;
			files = (
			);
			runOnlyForDeploymentPostprocessing = 0;
		};
/* End PBXResourcesBuildPhase section */

/* Begin PBXSourcesBuildPhase section */
		9846F02C1DAD1507004B801C /* Sources */ = {
			isa = PBXSourcesBuildPhase;
			buildActionMask = 2147483647;
			files = (
				98D3A6691DAE48C400876E20 /* JSEventSink.m in Sources */,
				9846F0391DAD1512004B801C /* RNNettskjema.m in Sources */,
			);
			runOnlyForDeploymentPostprocessing = 0;
		};
		98E240271D9E52B5000EDED2 /* Sources */ = {
			isa = PBXSourcesBuildPhase;
			buildActionMask = 2147483647;
			files = (
			);
			runOnlyForDeploymentPostprocessing = 0;
		};
/* End PBXSourcesBuildPhase section */

/* Begin XCBuildConfiguration section */
		9846F0371DAD1507004B801C /* Debug */ = {
			isa = XCBuildConfiguration;
			buildSettings = {
				DEVELOPMENT_TEAM = L6H6YNBUBK;
				FRAMEWORK_SEARCH_PATHS = (
					"$(inherited)",
					"$(PROJECT_DIR)",
					"$(PROJECT_DIR)/Carthage/Build/iOS",
					"$(PROJECT_DIR)/../../../../ios/Carthage/Build/iOS",
				);
				HEADER_SEARCH_PATHS = (
					"$(SRCROOT)/../../../react-native/React/**",
					"$(SRCROOT)/../../node_modules/react-native/React/**",
				);
				IPHONEOS_DEPLOYMENT_TARGET = 10.0;
				ONLY_ACTIVE_ARCH = YES;
				OTHER_LDFLAGS = "-ObjC";
				PRODUCT_NAME = "$(TARGET_NAME)";
				SKIP_INSTALL = YES;
			};
			name = Debug;
		};
		9846F0381DAD1507004B801C /* Release */ = {
			isa = XCBuildConfiguration;
			buildSettings = {
				DEVELOPMENT_TEAM = L6H6YNBUBK;
				FRAMEWORK_SEARCH_PATHS = (
					"$(inherited)",
					"$(PROJECT_DIR)",
					"$(PROJECT_DIR)/Carthage/Build/iOS",
					"$(PROJECT_DIR)/../../../../ios/Carthage/Build/iOS",
				);
				HEADER_SEARCH_PATHS = (
					"$(SRCROOT)/../../../react-native/React/**",
					"$(SRCROOT)/../../node_modules/react-native/React/**",
				);
				IPHONEOS_DEPLOYMENT_TARGET = 10.0;
				OTHER_LDFLAGS = "-ObjC";
				PRODUCT_NAME = "$(TARGET_NAME)";
				SKIP_INSTALL = YES;
			};
			name = Release;
		};
		98E240341D9E52B5000EDED2 /* Debug */ = {
			isa = XCBuildConfiguration;
			buildSettings = {
				ALWAYS_SEARCH_USER_PATHS = NO;
				CLANG_ANALYZER_NONNULL = YES;
				CLANG_CXX_LANGUAGE_STANDARD = "gnu++0x";
				CLANG_CXX_LIBRARY = "libc++";
				CLANG_ENABLE_MODULES = YES;
				CLANG_ENABLE_OBJC_ARC = YES;
				CLANG_WARN_BOOL_CONVERSION = YES;
				CLANG_WARN_CONSTANT_CONVERSION = YES;
				CLANG_WARN_DIRECT_OBJC_ISA_USAGE = YES_ERROR;
				CLANG_WARN_DOCUMENTATION_COMMENTS = YES;
				CLANG_WARN_EMPTY_BODY = YES;
				CLANG_WARN_ENUM_CONVERSION = YES;
				CLANG_WARN_INFINITE_RECURSION = YES;
				CLANG_WARN_INT_CONVERSION = YES;
				CLANG_WARN_OBJC_ROOT_CLASS = YES_ERROR;
				CLANG_WARN_SUSPICIOUS_MOVES = YES;
				CLANG_WARN_UNREACHABLE_CODE = YES;
				CLANG_WARN__DUPLICATE_METHOD_MATCH = YES;
				"CODE_SIGN_IDENTITY[sdk=iphoneos*]" = "iPhone Developer";
				COPY_PHASE_STRIP = NO;
				CURRENT_PROJECT_VERSION = 1;
				DEBUG_INFORMATION_FORMAT = dwarf;
				ENABLE_STRICT_OBJC_MSGSEND = YES;
				ENABLE_TESTABILITY = YES;
				FRAMEWORK_SEARCH_PATHS = "$(PROJECT_DIR)/../../../../ios/Carthage/Build/iOS";
				GCC_C_LANGUAGE_STANDARD = gnu99;
				GCC_DYNAMIC_NO_PIC = NO;
				GCC_NO_COMMON_BLOCKS = YES;
				GCC_OPTIMIZATION_LEVEL = 0;
				GCC_PREPROCESSOR_DEFINITIONS = (
					"DEBUG=1",
					"$(inherited)",
				);
				GCC_WARN_64_TO_32_BIT_CONVERSION = YES;
				GCC_WARN_ABOUT_RETURN_TYPE = YES_ERROR;
				GCC_WARN_UNDECLARED_SELECTOR = YES;
				GCC_WARN_UNINITIALIZED_AUTOS = YES_AGGRESSIVE;
				GCC_WARN_UNUSED_FUNCTION = YES;
				GCC_WARN_UNUSED_VARIABLE = YES;
				IPHONEOS_DEPLOYMENT_TARGET = 8.0;
				MTL_ENABLE_DEBUG_INFO = YES;
				ONLY_ACTIVE_ARCH = NO;
				SDKROOT = iphoneos;
				SWIFT_ACTIVE_COMPILATION_CONDITIONS = DEBUG;
				SWIFT_OPTIMIZATION_LEVEL = "-Onone";
				TARGETED_DEVICE_FAMILY = "1,2";
				VERSIONING_SYSTEM = "apple-generic";
				VERSION_INFO_PREFIX = "";
			};
			name = Debug;
		};
		98E240351D9E52B5000EDED2 /* Release */ = {
			isa = XCBuildConfiguration;
			buildSettings = {
				ALWAYS_SEARCH_USER_PATHS = NO;
				CLANG_ANALYZER_NONNULL = YES;
				CLANG_CXX_LANGUAGE_STANDARD = "gnu++0x";
				CLANG_CXX_LIBRARY = "libc++";
				CLANG_ENABLE_MODULES = YES;
				CLANG_ENABLE_OBJC_ARC = YES;
				CLANG_WARN_BOOL_CONVERSION = YES;
				CLANG_WARN_CONSTANT_CONVERSION = YES;
				CLANG_WARN_DIRECT_OBJC_ISA_USAGE = YES_ERROR;
				CLANG_WARN_DOCUMENTATION_COMMENTS = YES;
				CLANG_WARN_EMPTY_BODY = YES;
				CLANG_WARN_ENUM_CONVERSION = YES;
				CLANG_WARN_INFINITE_RECURSION = YES;
				CLANG_WARN_INT_CONVERSION = YES;
				CLANG_WARN_OBJC_ROOT_CLASS = YES_ERROR;
				CLANG_WARN_SUSPICIOUS_MOVES = YES;
				CLANG_WARN_UNREACHABLE_CODE = YES;
				CLANG_WARN__DUPLICATE_METHOD_MATCH = YES;
				"CODE_SIGN_IDENTITY[sdk=iphoneos*]" = "iPhone Developer";
				COPY_PHASE_STRIP = NO;
				CURRENT_PROJECT_VERSION = 1;
				DEBUG_INFORMATION_FORMAT = "dwarf-with-dsym";
				ENABLE_NS_ASSERTIONS = NO;
				ENABLE_STRICT_OBJC_MSGSEND = YES;
				FRAMEWORK_SEARCH_PATHS = "$(PROJECT_DIR)/../../../../ios/Carthage/Build/iOS";
				GCC_C_LANGUAGE_STANDARD = gnu99;
				GCC_NO_COMMON_BLOCKS = YES;
				GCC_WARN_64_TO_32_BIT_CONVERSION = YES;
				GCC_WARN_ABOUT_RETURN_TYPE = YES_ERROR;
				GCC_WARN_UNDECLARED_SELECTOR = YES;
				GCC_WARN_UNINITIALIZED_AUTOS = YES_AGGRESSIVE;
				GCC_WARN_UNUSED_FUNCTION = YES;
				GCC_WARN_UNUSED_VARIABLE = YES;
				IPHONEOS_DEPLOYMENT_TARGET = 8.0;
				MTL_ENABLE_DEBUG_INFO = NO;
				SDKROOT = iphoneos;
				SWIFT_OPTIMIZATION_LEVEL = "-Owholemodule";
				TARGETED_DEVICE_FAMILY = "1,2";
				VALIDATE_PRODUCT = YES;
				VERSIONING_SYSTEM = "apple-generic";
				VERSION_INFO_PREFIX = "";
			};
			name = Release;
		};
		98E2403A1D9E52B5000EDED2 /* Debug */ = {
			isa = XCBuildConfiguration;
			buildSettings = {
				DEVELOPMENT_TEAM = L6H6YNBUBK;
				FRAMEWORK_SEARCH_PATHS = (
					"$(inherited)",
					"$(PROJECT_DIR)/Carthage/Build/iOS",
				);
				INFOPLIST_FILE = ReactNativeNettskjemaTests/Info.plist;
				LD_RUNPATH_SEARCH_PATHS = "$(inherited) @executable_path/Frameworks @loader_path/Frameworks";
				PRODUCT_BUNDLE_IDENTIFIER = no.uio.mobileapps.ReactNativeNettskjemaTests;
				PRODUCT_NAME = "$(TARGET_NAME)";
				SWIFT_VERSION = 2.3;
				TEST_HOST = "";
			};
			name = Debug;
		};
		98E2403B1D9E52B5000EDED2 /* Release */ = {
			isa = XCBuildConfiguration;
			buildSettings = {
				DEVELOPMENT_TEAM = L6H6YNBUBK;
				FRAMEWORK_SEARCH_PATHS = (
					"$(inherited)",
					"$(PROJECT_DIR)/Carthage/Build/iOS",
				);
				INFOPLIST_FILE = ReactNativeNettskjemaTests/Info.plist;
				LD_RUNPATH_SEARCH_PATHS = "$(inherited) @executable_path/Frameworks @loader_path/Frameworks";
				PRODUCT_BUNDLE_IDENTIFIER = no.uio.mobileapps.ReactNativeNettskjemaTests;
				PRODUCT_NAME = "$(TARGET_NAME)";
				SWIFT_VERSION = 2.3;
				TEST_HOST = "";
			};
			name = Release;
		};
/* End XCBuildConfiguration section */

/* Begin XCConfigurationList section */
		9846F0361DAD1507004B801C /* Build configuration list for PBXNativeTarget "ReactNativeNettskjema" */ = {
			isa = XCConfigurationList;
			buildConfigurations = (
				9846F0371DAD1507004B801C /* Debug */,
				9846F0381DAD1507004B801C /* Release */,
			);
			defaultConfigurationIsVisible = 0;
			defaultConfigurationName = Release;
		};
		98E2401C1D9E52B5000EDED2 /* Build configuration list for PBXProject "MobileNettskjema" */ = {
			isa = XCConfigurationList;
			buildConfigurations = (
				98E240341D9E52B5000EDED2 /* Debug */,
				98E240351D9E52B5000EDED2 /* Release */,
			);
			defaultConfigurationIsVisible = 0;
			defaultConfigurationName = Release;
		};
		98E240391D9E52B5000EDED2 /* Build configuration list for PBXNativeTarget "MobileNettskjemaTests" */ = {
			isa = XCConfigurationList;
			buildConfigurations = (
				98E2403A1D9E52B5000EDED2 /* Debug */,
				98E2403B1D9E52B5000EDED2 /* Release */,
			);
			defaultConfigurationIsVisible = 0;
			defaultConfigurationName = Release;
		};
/* End XCConfigurationList section */
	};
	rootObject = 98E240191D9E52B5000EDED2 /* Project object */;
}
