// !$*UTF8*$!
{
	archiveVersion = 1;
	classes = {
	};
	objectVersion = 46;
	objects = {

/* Begin PBXBuildFile section */
		983209851DA7B2CA00424C1A /* RNEventSink.m in Sources */ = {isa = PBXBuildFile; fileRef = 983209841DA7B2CA00424C1A /* RNEventSink.m */; };
		9856B2301DAB8EF0003BC3ED /* MobileNettskjema.framework in Frameworks */ = {isa = PBXBuildFile; fileRef = 9856B22F1DAB8EF0003BC3ED /* MobileNettskjema.framework */; };
		98FC2DD61DA79362002E1C87 /* MobileNettskjema.m in Sources */ = {isa = PBXBuildFile; fileRef = 98FC2DD51DA79362002E1C87 /* MobileNettskjema.m */; };
		98FC2DD71DA79362002E1C87 /* MobileNettskjema.h in CopyFiles */ = {isa = PBXBuildFile; fileRef = 98FC2DD41DA79362002E1C87 /* MobileNettskjema.h */; };
/* End PBXBuildFile section */

/* Begin PBXCopyFilesBuildPhase section */
		98FC2DCF1DA79362002E1C87 /* CopyFiles */ = {
			isa = PBXCopyFilesBuildPhase;
			buildActionMask = 2147483647;
			dstPath = "include/$(PRODUCT_NAME)";
			dstSubfolderSpec = 16;
			files = (
				98FC2DD71DA79362002E1C87 /* MobileNettskjema.h in CopyFiles */,
			);
			runOnlyForDeploymentPostprocessing = 0;
		};
/* End PBXCopyFilesBuildPhase section */

/* Begin PBXFileReference section */
		983209831DA7B29300424C1A /* RNEventSink.h */ = {isa = PBXFileReference; fileEncoding = 4; lastKnownFileType = sourcecode.c.h; path = RNEventSink.h; sourceTree = "<group>"; };
		983209841DA7B2CA00424C1A /* RNEventSink.m */ = {isa = PBXFileReference; fileEncoding = 4; lastKnownFileType = sourcecode.c.objc; path = RNEventSink.m; sourceTree = "<group>"; };
		9856B22F1DAB8EF0003BC3ED /* MobileNettskjema.framework */ = {isa = PBXFileReference; lastKnownFileType = wrapper.framework; path = MobileNettskjema.framework; sourceTree = "<group>"; };
		98FC2DD11DA79362002E1C87 /* libReactNativeNettskjema.a */ = {isa = PBXFileReference; explicitFileType = archive.ar; includeInIndex = 0; path = libReactNativeNettskjema.a; sourceTree = BUILT_PRODUCTS_DIR; };
		98FC2DD41DA79362002E1C87 /* MobileNettskjema.h */ = {isa = PBXFileReference; lastKnownFileType = sourcecode.c.h; path = MobileNettskjema.h; sourceTree = "<group>"; };
		98FC2DD51DA79362002E1C87 /* MobileNettskjema.m */ = {isa = PBXFileReference; lastKnownFileType = sourcecode.c.objc; path = MobileNettskjema.m; sourceTree = "<group>"; };
/* End PBXFileReference section */

/* Begin PBXFrameworksBuildPhase section */
		98FC2DCE1DA79362002E1C87 /* Frameworks */ = {
			isa = PBXFrameworksBuildPhase;
			buildActionMask = 2147483647;
			files = (
				9856B2301DAB8EF0003BC3ED /* MobileNettskjema.framework in Frameworks */,
			);
			runOnlyForDeploymentPostprocessing = 0;
		};
/* End PBXFrameworksBuildPhase section */

/* Begin PBXGroup section */
		98FC2DC81DA79362002E1C87 = {
			isa = PBXGroup;
			children = (
				98FC2DD31DA79362002E1C87 /* ReactNativeNettskjema */,
				98FC2DD21DA79362002E1C87 /* Products */,
				98FC2DDD1DA7939A002E1C87 /* Frameworks */,
			);
			sourceTree = "<group>";
		};
		98FC2DD21DA79362002E1C87 /* Products */ = {
			isa = PBXGroup;
			children = (
				98FC2DD11DA79362002E1C87 /* libReactNativeNettskjema.a */,
			);
			name = Products;
			sourceTree = "<group>";
		};
		98FC2DD31DA79362002E1C87 /* ReactNativeNettskjema */ = {
			isa = PBXGroup;
			children = (
				98FC2DD41DA79362002E1C87 /* MobileNettskjema.h */,
				98FC2DD51DA79362002E1C87 /* MobileNettskjema.m */,
				983209831DA7B29300424C1A /* RNEventSink.h */,
				983209841DA7B2CA00424C1A /* RNEventSink.m */,
			);
			path = ReactNativeNettskjema;
			sourceTree = "<group>";
		};
		98FC2DDD1DA7939A002E1C87 /* Frameworks */ = {
			isa = PBXGroup;
			children = (
				9856B22F1DAB8EF0003BC3ED /* MobileNettskjema.framework */,
			);
			name = Frameworks;
			sourceTree = "<group>";
		};
/* End PBXGroup section */

/* Begin PBXNativeTarget section */
		98FC2DD01DA79362002E1C87 /* ReactNativeNettskjema */ = {
			isa = PBXNativeTarget;
			buildConfigurationList = 98FC2DDA1DA79362002E1C87 /* Build configuration list for PBXNativeTarget "ReactNativeNettskjema" */;
			buildPhases = (
				98FC2DCD1DA79362002E1C87 /* Sources */,
				98FC2DCE1DA79362002E1C87 /* Frameworks */,
				98FC2DCF1DA79362002E1C87 /* CopyFiles */,
			);
			buildRules = (
			);
			dependencies = (
			);
			name = ReactNativeNettskjema;
			productName = ReactNativeNettskjema;
			productReference = 98FC2DD11DA79362002E1C87 /* libReactNativeNettskjema.a */;
			productType = "com.apple.product-type.library.static";
		};
/* End PBXNativeTarget section */

/* Begin PBXProject section */
		98FC2DC91DA79362002E1C87 /* Project object */ = {
			isa = PBXProject;
			attributes = {
				LastUpgradeCheck = 0800;
				ORGANIZATIONNAME = "Jarle Fagerheim (USIT)";
				TargetAttributes = {
					98FC2DD01DA79362002E1C87 = {
						CreatedOnToolsVersion = 8.0;
						DevelopmentTeam = L6H6YNBUBK;
						LastSwiftMigration = 0800;
						ProvisioningStyle = Automatic;
					};
				};
			};
			buildConfigurationList = 98FC2DCC1DA79362002E1C87 /* Build configuration list for PBXProject "ReactNativeNettskjema" */;
			compatibilityVersion = "Xcode 3.2";
			developmentRegion = English;
			hasScannedForEncodings = 0;
			knownRegions = (
				en,
			);
			mainGroup = 98FC2DC81DA79362002E1C87;
			productRefGroup = 98FC2DD21DA79362002E1C87 /* Products */;
			projectDirPath = "";
			projectRoot = "";
			targets = (
				98FC2DD01DA79362002E1C87 /* ReactNativeNettskjema */,
			);
		};
/* End PBXProject section */

/* Begin PBXSourcesBuildPhase section */
		98FC2DCD1DA79362002E1C87 /* Sources */ = {
			isa = PBXSourcesBuildPhase;
			buildActionMask = 2147483647;
			files = (
				98FC2DD61DA79362002E1C87 /* MobileNettskjema.m in Sources */,
				983209851DA7B2CA00424C1A /* RNEventSink.m in Sources */,
			);
			runOnlyForDeploymentPostprocessing = 0;
		};
/* End PBXSourcesBuildPhase section */

/* Begin XCBuildConfiguration section */
		98FC2DD81DA79362002E1C87 /* Debug */ = {
			isa = XCBuildConfiguration;
			buildSettings = {
				ALWAYS_SEARCH_USER_PATHS = NO;
				CLANG_ANALYZER_NONNULL = YES;
				CLANG_CXX_LANGUAGE_STANDARD = "gnu++0x";
				CLANG_CXX_LIBRARY = "libc++";
				CLANG_ENABLE_MODULES = YES;
				CLANG_ENABLE_OBJC_ARC = YES;
				CLANG_WARN_BOOL_CONVERSION = YES;
				CLANG_WARN_CONSTANT_CONVERSION = YES;
				CLANG_WARN_DIRECT_OBJC_ISA_USAGE = YES_ERROR;
				CLANG_WARN_DOCUMENTATION_COMMENTS = YES;
				CLANG_WARN_EMPTY_BODY = YES;
				CLANG_WARN_ENUM_CONVERSION = YES;
				CLANG_WARN_INFINITE_RECURSION = YES;
				CLANG_WARN_INT_CONVERSION = YES;
				CLANG_WARN_OBJC_ROOT_CLASS = YES_ERROR;
				CLANG_WARN_SUSPICIOUS_MOVES = YES;
				CLANG_WARN_UNREACHABLE_CODE = YES;
				CLANG_WARN__DUPLICATE_METHOD_MATCH = YES;
				"CODE_SIGN_IDENTITY[sdk=iphoneos*]" = "iPhone Developer";
				COPY_PHASE_STRIP = NO;
				DEBUG_INFORMATION_FORMAT = dwarf;
				ENABLE_STRICT_OBJC_MSGSEND = YES;
				ENABLE_TESTABILITY = YES;
				GCC_C_LANGUAGE_STANDARD = gnu99;
				GCC_DYNAMIC_NO_PIC = NO;
				GCC_NO_COMMON_BLOCKS = YES;
				GCC_OPTIMIZATION_LEVEL = 0;
				GCC_PREPROCESSOR_DEFINITIONS = (
					"DEBUG=1",
					"$(inherited)",
				);
				GCC_WARN_64_TO_32_BIT_CONVERSION = YES;
				GCC_WARN_ABOUT_RETURN_TYPE = YES_ERROR;
				GCC_WARN_UNDECLARED_SELECTOR = YES;
				GCC_WARN_UNINITIALIZED_AUTOS = YES_AGGRESSIVE;
				GCC_WARN_UNUSED_FUNCTION = YES;
				GCC_WARN_UNUSED_VARIABLE = YES;
				HEADER_SEARCH_PATHS = "";
				IPHONEOS_DEPLOYMENT_TARGET = 8.0;
				MTL_ENABLE_DEBUG_INFO = YES;
				ONLY_ACTIVE_ARCH = NO;
				SDKROOT = iphoneos;
			};
			name = Debug;
		};
		98FC2DD91DA79362002E1C87 /* Release */ = {
			isa = XCBuildConfiguration;
			buildSettings = {
				ALWAYS_SEARCH_USER_PATHS = NO;
				CLANG_ANALYZER_NONNULL = YES;
				CLANG_CXX_LANGUAGE_STANDARD = "gnu++0x";
				CLANG_CXX_LIBRARY = "libc++";
				CLANG_ENABLE_MODULES = YES;
				CLANG_ENABLE_OBJC_ARC = YES;
				CLANG_WARN_BOOL_CONVERSION = YES;
				CLANG_WARN_CONSTANT_CONVERSION = YES;
				CLANG_WARN_DIRECT_OBJC_ISA_USAGE = YES_ERROR;
				CLANG_WARN_DOCUMENTATION_COMMENTS = YES;
				CLANG_WARN_EMPTY_BODY = YES;
				CLANG_WARN_ENUM_CONVERSION = YES;
				CLANG_WARN_INFINITE_RECURSION = YES;
				CLANG_WARN_INT_CONVERSION = YES;
				CLANG_WARN_OBJC_ROOT_CLASS = YES_ERROR;
				CLANG_WARN_SUSPICIOUS_MOVES = YES;
				CLANG_WARN_UNREACHABLE_CODE = YES;
				CLANG_WARN__DUPLICATE_METHOD_MATCH = YES;
				"CODE_SIGN_IDENTITY[sdk=iphoneos*]" = "iPhone Developer";
				COPY_PHASE_STRIP = NO;
				DEBUG_INFORMATION_FORMAT = "dwarf-with-dsym";
				ENABLE_NS_ASSERTIONS = NO;
				ENABLE_STRICT_OBJC_MSGSEND = YES;
				GCC_C_LANGUAGE_STANDARD = gnu99;
				GCC_NO_COMMON_BLOCKS = YES;
				GCC_WARN_64_TO_32_BIT_CONVERSION = YES;
				GCC_WARN_ABOUT_RETURN_TYPE = YES_ERROR;
				GCC_WARN_UNDECLARED_SELECTOR = YES;
				GCC_WARN_UNINITIALIZED_AUTOS = YES_AGGRESSIVE;
				GCC_WARN_UNUSED_FUNCTION = YES;
				GCC_WARN_UNUSED_VARIABLE = YES;
				HEADER_SEARCH_PATHS = "";
				IPHONEOS_DEPLOYMENT_TARGET = 8.0;
				MTL_ENABLE_DEBUG_INFO = NO;
				SDKROOT = iphoneos;
				VALIDATE_PRODUCT = YES;
			};
			name = Release;
		};
		98FC2DDB1DA79362002E1C87 /* Debug */ = {
			isa = XCBuildConfiguration;
			buildSettings = {
				ALWAYS_SEARCH_USER_PATHS = NO;
				CLANG_ENABLE_MODULES = YES;
				DEVELOPMENT_TEAM = L6H6YNBUBK;
				FRAMEWORK_SEARCH_PATHS = (
					"$(inherited)",
					"$(PROJECT_DIR)",
				);
				HEADER_SEARCH_PATHS = (
					"$(SRCROOT)/../../../react-native/React/**",
					"$(SRCROOT)/../../node_modules/react-native/React/**",
				);
				LD_RUNPATH_SEARCH_PATHS = "$(inherited) @executable_path/Frameworks @loader_path/Frameworks";
				OTHER_LDFLAGS = "-ObjC";
				PRODUCT_NAME = "$(TARGET_NAME)";
				SKIP_INSTALL = YES;
				SWIFT_OPTIMIZATION_LEVEL = "-Onone";
				SWIFT_VERSION = 3.0;
				USER_HEADER_SEARCH_PATHS = "";
			};
			name = Debug;
		};
		98FC2DDC1DA79362002E1C87 /* Release */ = {
			isa = XCBuildConfiguration;
			buildSettings = {
				ALWAYS_SEARCH_USER_PATHS = NO;
				CLANG_ENABLE_MODULES = YES;
				DEVELOPMENT_TEAM = L6H6YNBUBK;
				FRAMEWORK_SEARCH_PATHS = (
					"$(inherited)",
					"$(PROJECT_DIR)",
				);
				HEADER_SEARCH_PATHS = (
					"$(SRCROOT)/../../../react-native/React/**",
					"$(SRCROOT)/../../node_modules/react-native/React/**",
				);
				LD_RUNPATH_SEARCH_PATHS = "$(inherited) @executable_path/Frameworks @loader_path/Frameworks";
				OTHER_LDFLAGS = "-ObjC";
				PRODUCT_NAME = "$(TARGET_NAME)";
				SKIP_INSTALL = YES;
				SWIFT_VERSION = 3.0;
				USER_HEADER_SEARCH_PATHS = "";
			};
			name = Release;
		};
/* End XCBuildConfiguration section */

/* Begin XCConfigurationList section */
		98FC2DCC1DA79362002E1C87 /* Build configuration list for PBXProject "ReactNativeNettskjema" */ = {
			isa = XCConfigurationList;
			buildConfigurations = (
				98FC2DD81DA79362002E1C87 /* Debug */,
				98FC2DD91DA79362002E1C87 /* Release */,
			);
			defaultConfigurationIsVisible = 0;
			defaultConfigurationName = Release;
		};
		98FC2DDA1DA79362002E1C87 /* Build configuration list for PBXNativeTarget "ReactNativeNettskjema" */ = {
			isa = XCConfigurationList;
			buildConfigurations = (
				98FC2DDB1DA79362002E1C87 /* Debug */,
				98FC2DDC1DA79362002E1C87 /* Release */,
			);
			defaultConfigurationIsVisible = 0;
			defaultConfigurationName = Release;
		};
/* End XCConfigurationList section */
	};
	rootObject = 98FC2DC91DA79362002E1C87 /* Project object */;
}
